PODS:
  - MBProgressHUD (1.0.0)
  - MPColorTools (1.6.1)
  - NVHTarGzip (1.0.1)
  - SSKeychain (1.4.1)
  - SSZipArchive (1.5)

DEPENDENCIES:
  - MBProgressHUD
  - MPColorTools (>= 1.6)
  - NVHTarGzip
  - SSKeychain
  - SSZipArchive

SPEC CHECKSUMS:
  MBProgressHUD: 4890f671c94e8a0f3cf959aa731e9de2f036d71a
  MPColorTools: a5d2a09fc44750aea0366f666aa52c80565c0764
  NVHTarGzip: 74cc227b902e5725900d37eb6d79b57e93005a73
  SSKeychain: 55cc80f66f5c73da827e3077f02e43528897db41
  SSZipArchive: 29daace2bccb90a47de2837744da397728ff9207

PODFILE CHECKSUM: d5695406e25a5f957533f8de99022b232ecc0867

COCOAPODS: 1.0.0
