PODS:
  - MBProgressHUD (1.0.0)
  - MPColorTools (1.6.1)
  - NVHTarGzip (1.0.1)
  - SSZipArchive (1.5)

DEPENDENCIES:
  - MBProgressHUD (>= 0.9)
  - MPColorTools (>= 1.6)
  - NVHTarGzip
  - SSZipArchive

SPEC CHECKSUMS:
  MBProgressHUD: 4890f671c94e8a0f3cf959aa731e9de2f036d71a
  MPColorTools: a5d2a09fc44750aea0366f666aa52c80565c0764
  NVHTarGzip: 74cc227b902e5725900d37eb6d79b57e93005a73
  SSZipArchive: 29daace2bccb90a47de2837744da397728ff9207

PODFILE CHECKSUM: 1de0ae1e1bb44109ba394667581a251ebe532c65

COCOAPODS: 1.0.0
