// !$*UTF8*$!
{
	archiveVersion = 1;
	classes = {
	};
	objectVersion = 46;
	objects = {

/* Begin PBXBuildFile section */
		23EBD41BB7AB4911A4BF6EA2 /* libPods-DemoTests.a in Frameworks */ = {isa = PBXBuildFile; fileRef = 568004C1C8454EA8AD9E4612 /* libPods-DemoTests.a */; };
		4C26E3F61A7B41B500D72574 /* logo.png in Resources */ = {isa = PBXBuildFile; fileRef = 4C26E3F51A7B41B500D72574 /* logo.png */; };
		4C36258419EF4E5700356B51 /* StaticTableViewController.m in Sources */ = {isa = PBXBuildFile; fileRef = 4C36258319EF4E5700356B51 /* StaticTableViewController.m */; };
		4C36258719EF590400356B51 /* StaticViewController.m in Sources */ = {isa = PBXBuildFile; fileRef = 4C36258619EF590400356B51 /* StaticViewController.m */; };
		4C4233E918B9B38700B76555 /* Foundation.framework in Frameworks */ = {isa = PBXBuildFile; fileRef = 4C4233E818B9B38700B76555 /* Foundation.framework */; };
		4C4233EB18B9B38700B76555 /* CoreGraphics.framework in Frameworks */ = {isa = PBXBuildFile; fileRef = 4C4233EA18B9B38700B76555 /* CoreGraphics.framework */; };
		4C4233ED18B9B38700B76555 /* UIKit.framework in Frameworks */ = {isa = PBXBuildFile; fileRef = 4C4233EC18B9B38700B76555 /* UIKit.framework */; };
		4C4233F318B9B38700B76555 /* InfoPlist.strings in Resources */ = {isa = PBXBuildFile; fileRef = 4C4233F118B9B38700B76555 /* InfoPlist.strings */; };
		4C4233F518B9B38700B76555 /* main.m in Sources */ = {isa = PBXBuildFile; fileRef = 4C4233F418B9B38700B76555 /* main.m */; };
		4C4233F918B9B38700B76555 /* AppDelegate.m in Sources */ = {isa = PBXBuildFile; fileRef = 4C4233F818B9B38700B76555 /* AppDelegate.m */; };
		4C4233FC18B9B38700B76555 /* Main.storyboard in Resources */ = {isa = PBXBuildFile; fileRef = 4C4233FA18B9B38700B76555 /* Main.storyboard */; };
		4C42340118B9B38700B76555 /* Images.xcassets in Resources */ = {isa = PBXBuildFile; fileRef = 4C42340018B9B38700B76555 /* Images.xcassets */; };
		4C42340818B9B38700B76555 /* XCTest.framework in Frameworks */ = {isa = PBXBuildFile; fileRef = 4C42340718B9B38700B76555 /* XCTest.framework */; };
		4C42340918B9B38700B76555 /* Foundation.framework in Frameworks */ = {isa = PBXBuildFile; fileRef = 4C4233E818B9B38700B76555 /* Foundation.framework */; };
		4C42340A18B9B38700B76555 /* UIKit.framework in Frameworks */ = {isa = PBXBuildFile; fileRef = 4C4233EC18B9B38700B76555 /* UIKit.framework */; };
		4C42341218B9B38700B76555 /* InfoPlist.strings in Resources */ = {isa = PBXBuildFile; fileRef = 4C42341018B9B38700B76555 /* InfoPlist.strings */; };
		4C7A863418BD1C0800C2375D /* Podfile in Resources */ = {isa = PBXBuildFile; fileRef = 4C7A863318BD1C0800C2375D /* Podfile */; };
		4C7A870E18BD330000C2375D /* ApplicationViewController.m in Sources */ = {isa = PBXBuildFile; fileRef = 4C7A870B18BD330000C2375D /* ApplicationViewController.m */; };
		4C7A870F18BD330000C2375D /* ApplicationTableViewController.m in Sources */ = {isa = PBXBuildFile; fileRef = 4C7A870D18BD330000C2375D /* ApplicationTableViewController.m */; };
		4C7A871118BD353C00C2375D /* more.png in Resources */ = {isa = PBXBuildFile; fileRef = 4C7A871018BD353C00C2375D /* more.png */; };
		4C81FD011A265B8F0014DC1D /* SystemConfiguration.framework in Frameworks */ = {isa = PBXBuildFile; fileRef = 4C81FD001A265B8F0014DC1D /* SystemConfiguration.framework */; };
		4CC2EAE218BA7AD900F359F8 /* Icon-40@2x.png in Resources */ = {isa = PBXBuildFile; fileRef = 4CC2EAE118BA7AD900F359F8 /* Icon-40@2x.png */; };
		4CC2EAE418BA7AEB00F359F8 /* Icon-60@2x.png in Resources */ = {isa = PBXBuildFile; fileRef = 4CC2EAE318BA7AEB00F359F8 /* Icon-60@2x.png */; };
		4CC2EAE618BA7B0800F359F8 /* Icon-Small@2x.png in Resources */ = {isa = PBXBuildFile; fileRef = 4CC2EAE518BA7B0800F359F8 /* Icon-Small@2x.png */; };
		4CCA001E1922D12E00CE4D95 /* arrow_down.png in Resources */ = {isa = PBXBuildFile; fileRef = 4CCA001D1922D12E00CE4D95 /* arrow_down.png */; };
		4CCA0024192450B100CE4D95 /* en-US.json in Resources */ = {isa = PBXBuildFile; fileRef = 4CCA0023192450B100CE4D95 /* en-US.json */; };
		4CCBA12218B9B5E900CFCB3A /* TmlTests-Info.plist in Resources */ = {isa = PBXBuildFile; fileRef = 4CCBA10518B9B5E900CFCB3A /* TmlTests-Info.plist */; };
		4CCBA12F18B9B69A00CFCB3A /* MenuViewController.m in Sources */ = {isa = PBXBuildFile; fileRef = 4CCBA12618B9B69A00CFCB3A /* MenuViewController.m */; };
		4CCBA13118B9B69A00CFCB3A /* TMLConsoleViewController.m in Sources */ = {isa = PBXBuildFile; fileRef = 4CCBA12A18B9B69A00CFCB3A /* TMLConsoleViewController.m */; };
		4CCBA13218B9B69A00CFCB3A /* TMLTableViewCell.m in Sources */ = {isa = PBXBuildFile; fileRef = 4CCBA12C18B9B69A00CFCB3A /* TMLTableViewCell.m */; };
		4CCBA13318B9B69A00CFCB3A /* TranslationViewController.m in Sources */ = {isa = PBXBuildFile; fileRef = 4CCBA12E18B9B69A00CFCB3A /* TranslationViewController.m */; };
		4CE06A0518BD37A40088AB3E /* WelcomeViewController.m in Sources */ = {isa = PBXBuildFile; fileRef = 4CE06A0418BD37A40088AB3E /* WelcomeViewController.m */; };
		4CE06A0818BD3D2E0088AB3E /* DecorationTokensDemoViewController.m in Sources */ = {isa = PBXBuildFile; fileRef = 4CE06A0718BD3D2E0088AB3E /* DecorationTokensDemoViewController.m */; };
		4CE06A1318BD42D30088AB3E /* TMLSampleTableViewCell.m in Sources */ = {isa = PBXBuildFile; fileRef = 4CE06A1218BD42D30088AB3E /* TMLSampleTableViewCell.m */; };
		4CE06A1618BD823B0088AB3E /* DataTokensDemoViewController.m in Sources */ = {isa = PBXBuildFile; fileRef = 4CE06A1518BD823B0088AB3E /* DataTokensDemoViewController.m */; };
		4CE06A1918BD82660088AB3E /* CombinedTokensDemoViewController.m in Sources */ = {isa = PBXBuildFile; fileRef = 4CE06A1818BD82660088AB3E /* CombinedTokensDemoViewController.m */; };
		4CE06A1D18BD85830088AB3E /* TokensDemoViewController.m in Sources */ = {isa = PBXBuildFile; fileRef = 4CE06A1C18BD85830088AB3E /* TokensDemoViewController.m */; };
		4CE06A2018BD882F0088AB3E /* User.m in Sources */ = {isa = PBXBuildFile; fileRef = 4CE06A1F18BD882F0088AB3E /* User.m */; };
		4CFA531319284666006E1B43 /* LICENSE in Resources */ = {isa = PBXBuildFile; fileRef = 4CFA530F19284666006E1B43 /* LICENSE */; };
		4CFA531419284666006E1B43 /* Rakefile in Resources */ = {isa = PBXBuildFile; fileRef = 4CFA531019284666006E1B43 /* Rakefile */; };
		4CFA531519284666006E1B43 /* README.md in Resources */ = {isa = PBXBuildFile; fileRef = 4CFA531119284666006E1B43 /* README.md */; };
		4CFA531619284666006E1B43 /* Tml.podspec in Resources */ = {isa = PBXBuildFile; fileRef = 4CFA531219284666006E1B43 /* Tml.podspec */; };
		7763CE239D6940AF971EA5E9 /* libPods-Demo.a in Frameworks */ = {isa = PBXBuildFile; fileRef = 2305CA3DC53F409AB1C35AE2 /* libPods-Demo.a */; };
		C0F80C641BEA7E310048DF2D /* TMLApplicationTest.m in Sources */ = {isa = PBXBuildFile; fileRef = C0F80C3C1BEA7E310048DF2D /* TMLApplicationTest.m */; };
		C0F80C651BEA7E310048DF2D /* TMLConfigurationTest.m in Sources */ = {isa = PBXBuildFile; fileRef = C0F80C3D1BEA7E310048DF2D /* TMLConfigurationTest.m */; };
		C0F80C661BEA7E310048DF2D /* app.json in Resources */ = {isa = PBXBuildFile; fileRef = C0F80C3F1BEA7E310048DF2D /* app.json */; };
		C0F80C671BEA7E310048DF2D /* cs_en-US_plural.json in Resources */ = {isa = PBXBuildFile; fileRef = C0F80C421BEA7E310048DF2D /* cs_en-US_plural.json */; };
		C0F80C681BEA7E310048DF2D /* ctx_en-US_gender.json in Resources */ = {isa = PBXBuildFile; fileRef = C0F80C431BEA7E310048DF2D /* ctx_en-US_gender.json */; };
		C0F80C691BEA7E310048DF2D /* ctx_en-US_number.json in Resources */ = {isa = PBXBuildFile; fileRef = C0F80C441BEA7E310048DF2D /* ctx_en-US_number.json */; };
		C0F80C6A1BEA7E310048DF2D /* en-US.json in Resources */ = {isa = PBXBuildFile; fileRef = C0F80C451BEA7E310048DF2D /* en-US.json */; };
		C0F80C6B1BEA7E310048DF2D /* es.json in Resources */ = {isa = PBXBuildFile; fileRef = C0F80C471BEA7E310048DF2D /* es.json */; };
		C0F80C6C1BEA7E310048DF2D /* cs_ru_gen.json in Resources */ = {isa = PBXBuildFile; fileRef = C0F80C491BEA7E310048DF2D /* cs_ru_gen.json */; };
		C0F80C6D1BEA7E310048DF2D /* ctx_ru_gender.json in Resources */ = {isa = PBXBuildFile; fileRef = C0F80C4A1BEA7E310048DF2D /* ctx_ru_gender.json */; };
		C0F80C6E1BEA7E310048DF2D /* ctx_ru_number.json in Resources */ = {isa = PBXBuildFile; fileRef = C0F80C4B1BEA7E310048DF2D /* ctx_ru_number.json */; };
		C0F80C6F1BEA7E310048DF2D /* ru.json in Resources */ = {isa = PBXBuildFile; fileRef = C0F80C4C1BEA7E310048DF2D /* ru.json */; };
		C0F80C701BEA7E310048DF2D /* TMLLanguageCaseRuleTest.m in Sources */ = {isa = PBXBuildFile; fileRef = C0F80C4E1BEA7E310048DF2D /* TMLLanguageCaseRuleTest.m */; };
		C0F80C711BEA7E310048DF2D /* TMLLanguageCaseTest.m in Sources */ = {isa = PBXBuildFile; fileRef = C0F80C4F1BEA7E310048DF2D /* TMLLanguageCaseTest.m */; };
		C0F80C721BEA7E310048DF2D /* TMLLanguageContextRuleTest.m in Sources */ = {isa = PBXBuildFile; fileRef = C0F80C501BEA7E310048DF2D /* TMLLanguageContextRuleTest.m */; };
		C0F80C731BEA7E310048DF2D /* TMLLanguageContextTest.m in Sources */ = {isa = PBXBuildFile; fileRef = C0F80C511BEA7E310048DF2D /* TMLLanguageContextTest.m */; };
		C0F80C741BEA7E310048DF2D /* TMLTestUser.m in Sources */ = {isa = PBXBuildFile; fileRef = C0F80C541BEA7E310048DF2D /* TMLTestUser.m */; };
		C0F80C751BEA7E310048DF2D /* TMLRulesEvaluatorTest.m in Sources */ = {isa = PBXBuildFile; fileRef = C0F80C561BEA7E310048DF2D /* TMLRulesEvaluatorTest.m */; };
		C0F80C761BEA7E310048DF2D /* TMLRulesParserTest.m in Sources */ = {isa = PBXBuildFile; fileRef = C0F80C571BEA7E310048DF2D /* TMLRulesParserTest.m */; };
		C0F80C771BEA7E310048DF2D /* TMLTest.m in Sources */ = {isa = PBXBuildFile; fileRef = C0F80C581BEA7E310048DF2D /* TMLTest.m */; };
		C0F80C781BEA7E310048DF2D /* TMLTestBase.m in Sources */ = {isa = PBXBuildFile; fileRef = C0F80C5A1BEA7E310048DF2D /* TMLTestBase.m */; };
		C0F80C791BEA7E310048DF2D /* TMLAttributedDecorationTokenizerTest.m in Sources */ = {isa = PBXBuildFile; fileRef = C0F80C5C1BEA7E310048DF2D /* TMLAttributedDecorationTokenizerTest.m */; };
		C0F80C7A1BEA7E310048DF2D /* TMLDecorationTokenizerTest.m in Sources */ = {isa = PBXBuildFile; fileRef = C0F80C5D1BEA7E310048DF2D /* TMLDecorationTokenizerTest.m */; };
		C0F80C7B1BEA7E310048DF2D /* TMLHtmlDecorationTokenizerTest.m in Sources */ = {isa = PBXBuildFile; fileRef = C0F80C5E1BEA7E310048DF2D /* TMLHtmlDecorationTokenizerTest.m */; };
		C0F80C7C1BEA7E310048DF2D /* TMLDataTokenTest.m in Sources */ = {isa = PBXBuildFile; fileRef = C0F80C601BEA7E310048DF2D /* TMLDataTokenTest.m */; };
		C0F80C7D1BEA7E310048DF2D /* TMLPipedTokenTest.m in Sources */ = {isa = PBXBuildFile; fileRef = C0F80C611BEA7E310048DF2D /* TMLPipedTokenTest.m */; };
		C0F80C7E1BEA7E310048DF2D /* TMLTranslationKeyTest.m in Sources */ = {isa = PBXBuildFile; fileRef = C0F80C631BEA7E310048DF2D /* TMLTranslationKeyTest.m */; };
		C0F80CCA1BEA83DE0048DF2D /* TMLAPIClient.m in Sources */ = {isa = PBXBuildFile; fileRef = C0F80C811BEA83DE0048DF2D /* TMLAPIClient.m */; };
		C0F80CCC1BEA83DE0048DF2D /* TMLApplication.m in Sources */ = {isa = PBXBuildFile; fileRef = C0F80C831BEA83DE0048DF2D /* TMLApplication.m */; };
		C0F80CCE1BEA83DE0048DF2D /* TMLCache.m in Sources */ = {isa = PBXBuildFile; fileRef = C0F80C851BEA83DE0048DF2D /* TMLCache.m */; };
		C0F80CD01BEA83DE0048DF2D /* TMLConfiguration.m in Sources */ = {isa = PBXBuildFile; fileRef = C0F80C871BEA83DE0048DF2D /* TMLConfiguration.m */; };
		C0F80CD21BEA83DE0048DF2D /* TMLPostOffice.m in Sources */ = {isa = PBXBuildFile; fileRef = C0F80C891BEA83DE0048DF2D /* TMLPostOffice.m */; };
		C0F80CD41BEA83DE0048DF2D /* TMLSource.m in Sources */ = {isa = PBXBuildFile; fileRef = C0F80C8B1BEA83DE0048DF2D /* TMLSource.m */; };
		C0F80CD61BEA83DE0048DF2D /* TMLLanguageSelectorViewController.m in Sources */ = {isa = PBXBuildFile; fileRef = C0F80C8E1BEA83DE0048DF2D /* TMLLanguageSelectorViewController.m */; };
		C0F80CD81BEA83DE0048DF2D /* TMLTranslatorViewController.m in Sources */ = {isa = PBXBuildFile; fileRef = C0F80C901BEA83DE0048DF2D /* TMLTranslatorViewController.m */; };
		C0F80CDA1BEA83DE0048DF2D /* TMLViewController.m in Sources */ = {isa = PBXBuildFile; fileRef = C0F80C921BEA83DE0048DF2D /* TMLViewController.m */; };
		C0F80CDC1BEA83DE0048DF2D /* NSObject+TML.m in Sources */ = {isa = PBXBuildFile; fileRef = C0F80C951BEA83DE0048DF2D /* NSObject+TML.m */; };
		C0F80CDE1BEA83DE0048DF2D /* NSString+TmlAdditions.m in Sources */ = {isa = PBXBuildFile; fileRef = C0F80C971BEA83DE0048DF2D /* NSString+TmlAdditions.m */; };
		C0F80CE01BEA83DE0048DF2D /* UIButton+TML.m in Sources */ = {isa = PBXBuildFile; fileRef = C0F80C991BEA83DE0048DF2D /* UIButton+TML.m */; };
		C0F80CE21BEA83DE0048DF2D /* UILabel+TML.m in Sources */ = {isa = PBXBuildFile; fileRef = C0F80C9B1BEA83DE0048DF2D /* UILabel+TML.m */; };
		C0F80CE41BEA83DE0048DF2D /* UIViewController+TML.m in Sources */ = {isa = PBXBuildFile; fileRef = C0F80C9D1BEA83DE0048DF2D /* UIViewController+TML.m */; };
		C0F80CE81BEA83DE0048DF2D /* TMLLanguage.m in Sources */ = {isa = PBXBuildFile; fileRef = C0F80CA21BEA83DE0048DF2D /* TMLLanguage.m */; };
		C0F80CEA1BEA83DE0048DF2D /* TMLLanguageCase.m in Sources */ = {isa = PBXBuildFile; fileRef = C0F80CA41BEA83DE0048DF2D /* TMLLanguageCase.m */; };
		C0F80CEC1BEA83DE0048DF2D /* TMLLanguageCaseRule.m in Sources */ = {isa = PBXBuildFile; fileRef = C0F80CA61BEA83DE0048DF2D /* TMLLanguageCaseRule.m */; };
		C0F80CEE1BEA83DE0048DF2D /* TMLLanguageContext.m in Sources */ = {isa = PBXBuildFile; fileRef = C0F80CA81BEA83DE0048DF2D /* TMLLanguageContext.m */; };
		C0F80CF01BEA83DE0048DF2D /* TMLLanguageContextRule.m in Sources */ = {isa = PBXBuildFile; fileRef = C0F80CAA1BEA83DE0048DF2D /* TMLLanguageContextRule.m */; };
		C0F80CF21BEA83DE0048DF2D /* TMLRulesEvaluator.m in Sources */ = {isa = PBXBuildFile; fileRef = C0F80CAD1BEA83DE0048DF2D /* TMLRulesEvaluator.m */; };
		C0F80CF41BEA83DE0048DF2D /* TMLRulesParser.m in Sources */ = {isa = PBXBuildFile; fileRef = C0F80CAF1BEA83DE0048DF2D /* TMLRulesParser.m */; };
		C0F80CF61BEA83DE0048DF2D /* TML.m in Sources */ = {isa = PBXBuildFile; fileRef = C0F80CB11BEA83DE0048DF2D /* TML.m */; };
		C0F80CF81BEA83DE0048DF2D /* TMLBase.m in Sources */ = {isa = PBXBuildFile; fileRef = C0F80CB31BEA83DE0048DF2D /* TMLBase.m */; };
		C0F80CFA1BEA83DE0048DF2D /* TMLAttributedDecorationTokenizer.m in Sources */ = {isa = PBXBuildFile; fileRef = C0F80CB71BEA83DE0048DF2D /* TMLAttributedDecorationTokenizer.m */; };
		C0F80CFC1BEA83DE0048DF2D /* TMLDataTokenizer.m in Sources */ = {isa = PBXBuildFile; fileRef = C0F80CB91BEA83DE0048DF2D /* TMLDataTokenizer.m */; };
		C0F80CFE1BEA83DE0048DF2D /* TMLDecorationTokenizer.m in Sources */ = {isa = PBXBuildFile; fileRef = C0F80CBB1BEA83DE0048DF2D /* TMLDecorationTokenizer.m */; };
		C0F80D001BEA83DE0048DF2D /* TMLHtmlDecorationTokenizer.m in Sources */ = {isa = PBXBuildFile; fileRef = C0F80CBD1BEA83DE0048DF2D /* TMLHtmlDecorationTokenizer.m */; };
		C0F80D021BEA83DE0048DF2D /* TMLDataToken.m in Sources */ = {isa = PBXBuildFile; fileRef = C0F80CC01BEA83DE0048DF2D /* TMLDataToken.m */; };
		C0F80D041BEA83DE0048DF2D /* TMLMethodToken.m in Sources */ = {isa = PBXBuildFile; fileRef = C0F80CC21BEA83DE0048DF2D /* TMLMethodToken.m */; };
		C0F80D061BEA83DE0048DF2D /* TMLPipedToken.m in Sources */ = {isa = PBXBuildFile; fileRef = C0F80CC41BEA83DE0048DF2D /* TMLPipedToken.m */; };
		C0F80D081BEA83DE0048DF2D /* TMLTranslation.m in Sources */ = {isa = PBXBuildFile; fileRef = C0F80CC71BEA83DE0048DF2D /* TMLTranslation.m */; };
		C0F80D0A1BEA83DE0048DF2D /* TMLTranslationKey.m in Sources */ = {isa = PBXBuildFile; fileRef = C0F80CC91BEA83DE0048DF2D /* TMLTranslationKey.m */; };
		C0F80D0E1BEA860F0048DF2D /* UIBarButtonItem+TML.m in Sources */ = {isa = PBXBuildFile; fileRef = C0F80D0D1BEA860F0048DF2D /* UIBarButtonItem+TML.m */; };
		C0F80D121BEA86260048DF2D /* UINavigationItem+TML.m in Sources */ = {isa = PBXBuildFile; fileRef = C0F80D111BEA86260048DF2D /* UINavigationItem+TML.m */; };
		C0F80D161BEA86370048DF2D /* UISearchBar+TML.m in Sources */ = {isa = PBXBuildFile; fileRef = C0F80D151BEA86370048DF2D /* UISearchBar+TML.m */; };
		C0F80D1A1BEA86480048DF2D /* UISegmentedControl+TML.m in Sources */ = {isa = PBXBuildFile; fileRef = C0F80D191BEA86480048DF2D /* UISegmentedControl+TML.m */; };
		C0F80D1E1BEA865F0048DF2D /* UITabBarItem+TML.m in Sources */ = {isa = PBXBuildFile; fileRef = C0F80D1D1BEA865F0048DF2D /* UITabBarItem+TML.m */; };
		C0F80D221BEA866D0048DF2D /* UITextField+TML.m in Sources */ = {isa = PBXBuildFile; fileRef = C0F80D211BEA866D0048DF2D /* UITextField+TML.m */; };
		C0F80D261BEA86800048DF2D /* UITextView+TML.m in Sources */ = {isa = PBXBuildFile; fileRef = C0F80D251BEA86800048DF2D /* UITextView+TML.m */; };
		C41646AA1BEBF979004B3FB3 /* TMLAPIResponse.m in Sources */ = {isa = PBXBuildFile; fileRef = C41646A91BEBF979004B3FB3 /* TMLAPIResponse.m */; };
		C41647AB1BEE97D2004B3FB3 /* TMLGlobals.m in Sources */ = {isa = PBXBuildFile; fileRef = C41647AA1BEE97D2004B3FB3 /* TMLGlobals.m */; };
		C41647AE1BEEDD6D004B3FB3 /* TMLBundleManager.m in Sources */ = {isa = PBXBuildFile; fileRef = C41647AD1BEEDD6D004B3FB3 /* TMLBundleManager.m */; };
		C41647B11BEEDD77004B3FB3 /* TMLBundle.m in Sources */ = {isa = PBXBuildFile; fileRef = C41647B01BEEDD77004B3FB3 /* TMLBundle.m */; };
		C42C562B1BF2674D00207911 /* TMLJSONValueTransformer.m in Sources */ = {isa = PBXBuildFile; fileRef = C42C562A1BF2674D00207911 /* TMLJSONValueTransformer.m */; };
		C42C56311BF2695700207911 /* NSObject+TMLJSON.m in Sources */ = {isa = PBXBuildFile; fileRef = C42C56301BF2695700207911 /* NSObject+TMLJSON.m */; };
		C42C56391BF42D1A00207911 /* TMLAPISerializer.m in Sources */ = {isa = PBXBuildFile; fileRef = C42C56381BF42D1A00207911 /* TMLAPISerializer.m */; };
		C44281921BF5659200E68194 /* TMLAPISerializationTest.m in Sources */ = {isa = PBXBuildFile; fileRef = C44281911BF5659200E68194 /* TMLAPISerializationTest.m */; };
		C4A095D81C002FB900F2B106 /* TMLAPIBundle.m in Sources */ = {isa = PBXBuildFile; fileRef = C4A095D71C002FB900F2B106 /* TMLAPIBundle.m */; };
/* End PBXBuildFile section */

/* Begin PBXContainerItemProxy section */
		4C42340B18B9B38700B76555 /* PBXContainerItemProxy */ = {
			isa = PBXContainerItemProxy;
			containerPortal = 4C4233DD18B9B38600B76555 /* Project object */;
			proxyType = 1;
			remoteGlobalIDString = 4C4233E418B9B38700B76555;
			remoteInfo = Demo;
		};
/* End PBXContainerItemProxy section */

/* Begin PBXFileReference section */
		2305CA3DC53F409AB1C35AE2 /* libPods-Demo.a */ = {isa = PBXFileReference; explicitFileType = archive.ar; includeInIndex = 0; path = "libPods-Demo.a"; sourceTree = BUILT_PRODUCTS_DIR; };
		3EC5E4639492FBCE50FA374A /* Pods-DemoTests.release.xcconfig */ = {isa = PBXFileReference; includeInIndex = 1; lastKnownFileType = text.xcconfig; name = "Pods-DemoTests.release.xcconfig"; path = "Pods/Target Support Files/Pods-DemoTests/Pods-DemoTests.release.xcconfig"; sourceTree = "<group>"; };
		4C26E3F51A7B41B500D72574 /* logo.png */ = {isa = PBXFileReference; lastKnownFileType = image.png; path = logo.png; sourceTree = "<group>"; };
		4C36258219EF4E5700356B51 /* StaticTableViewController.h */ = {isa = PBXFileReference; fileEncoding = 4; lastKnownFileType = sourcecode.c.h; path = StaticTableViewController.h; sourceTree = "<group>"; };
		4C36258319EF4E5700356B51 /* StaticTableViewController.m */ = {isa = PBXFileReference; fileEncoding = 4; lastKnownFileType = sourcecode.c.objc; path = StaticTableViewController.m; sourceTree = "<group>"; };
		4C36258519EF590400356B51 /* StaticViewController.h */ = {isa = PBXFileReference; fileEncoding = 4; lastKnownFileType = sourcecode.c.h; path = StaticViewController.h; sourceTree = "<group>"; };
		4C36258619EF590400356B51 /* StaticViewController.m */ = {isa = PBXFileReference; fileEncoding = 4; lastKnownFileType = sourcecode.c.objc; path = StaticViewController.m; sourceTree = "<group>"; };
		4C4233E518B9B38700B76555 /* Demo.app */ = {isa = PBXFileReference; explicitFileType = wrapper.application; includeInIndex = 0; path = Demo.app; sourceTree = BUILT_PRODUCTS_DIR; };
		4C4233E818B9B38700B76555 /* Foundation.framework */ = {isa = PBXFileReference; lastKnownFileType = wrapper.framework; name = Foundation.framework; path = System/Library/Frameworks/Foundation.framework; sourceTree = SDKROOT; };
		4C4233EA18B9B38700B76555 /* CoreGraphics.framework */ = {isa = PBXFileReference; lastKnownFileType = wrapper.framework; name = CoreGraphics.framework; path = System/Library/Frameworks/CoreGraphics.framework; sourceTree = SDKROOT; };
		4C4233EC18B9B38700B76555 /* UIKit.framework */ = {isa = PBXFileReference; lastKnownFileType = wrapper.framework; name = UIKit.framework; path = System/Library/Frameworks/UIKit.framework; sourceTree = SDKROOT; };
		4C4233F018B9B38700B76555 /* Demo-Info.plist */ = {isa = PBXFileReference; lastKnownFileType = text.plist.xml; path = "Demo-Info.plist"; sourceTree = "<group>"; };
		4C4233F218B9B38700B76555 /* en */ = {isa = PBXFileReference; lastKnownFileType = text.plist.strings; name = en; path = en.lproj/InfoPlist.strings; sourceTree = "<group>"; };
		4C4233F418B9B38700B76555 /* main.m */ = {isa = PBXFileReference; lastKnownFileType = sourcecode.c.objc; path = main.m; sourceTree = "<group>"; };
		4C4233F618B9B38700B76555 /* Demo-Prefix.pch */ = {isa = PBXFileReference; lastKnownFileType = sourcecode.c.h; path = "Demo-Prefix.pch"; sourceTree = "<group>"; };
		4C4233F718B9B38700B76555 /* AppDelegate.h */ = {isa = PBXFileReference; lastKnownFileType = sourcecode.c.h; path = AppDelegate.h; sourceTree = "<group>"; };
		4C4233F818B9B38700B76555 /* AppDelegate.m */ = {isa = PBXFileReference; lastKnownFileType = sourcecode.c.objc; path = AppDelegate.m; sourceTree = "<group>"; };
		4C4233FB18B9B38700B76555 /* Base */ = {isa = PBXFileReference; lastKnownFileType = file.storyboard; name = Base; path = Base.lproj/Main.storyboard; sourceTree = "<group>"; };
		4C42340018B9B38700B76555 /* Images.xcassets */ = {isa = PBXFileReference; lastKnownFileType = folder.assetcatalog; path = Images.xcassets; sourceTree = "<group>"; };
		4C42340618B9B38700B76555 /* DemoTests.xctest */ = {isa = PBXFileReference; explicitFileType = wrapper.cfbundle; includeInIndex = 0; path = DemoTests.xctest; sourceTree = BUILT_PRODUCTS_DIR; };
		4C42340718B9B38700B76555 /* XCTest.framework */ = {isa = PBXFileReference; lastKnownFileType = wrapper.framework; name = XCTest.framework; path = Library/Frameworks/XCTest.framework; sourceTree = DEVELOPER_DIR; };
		4C42340F18B9B38700B76555 /* DemoTests-Info.plist */ = {isa = PBXFileReference; lastKnownFileType = text.plist.xml; path = "DemoTests-Info.plist"; sourceTree = "<group>"; };
		4C42341118B9B38700B76555 /* en */ = {isa = PBXFileReference; lastKnownFileType = text.plist.strings; name = en; path = en.lproj/InfoPlist.strings; sourceTree = "<group>"; };
		4C7A863318BD1C0800C2375D /* Podfile */ = {isa = PBXFileReference; fileEncoding = 4; lastKnownFileType = text; path = Podfile; sourceTree = "<group>"; xcLanguageSpecificationIdentifier = xcode.lang.ruby; };
		4C7A870A18BD330000C2375D /* ApplicationViewController.h */ = {isa = PBXFileReference; fileEncoding = 4; lastKnownFileType = sourcecode.c.h; path = ApplicationViewController.h; sourceTree = "<group>"; };
		4C7A870B18BD330000C2375D /* ApplicationViewController.m */ = {isa = PBXFileReference; fileEncoding = 4; lastKnownFileType = sourcecode.c.objc; path = ApplicationViewController.m; sourceTree = "<group>"; };
		4C7A870C18BD330000C2375D /* ApplicationTableViewController.h */ = {isa = PBXFileReference; fileEncoding = 4; lastKnownFileType = sourcecode.c.h; path = ApplicationTableViewController.h; sourceTree = "<group>"; };
		4C7A870D18BD330000C2375D /* ApplicationTableViewController.m */ = {isa = PBXFileReference; fileEncoding = 4; lastKnownFileType = sourcecode.c.objc; path = ApplicationTableViewController.m; sourceTree = "<group>"; };
		4C7A871018BD353C00C2375D /* more.png */ = {isa = PBXFileReference; lastKnownFileType = image.png; path = more.png; sourceTree = "<group>"; };
		4C81FD001A265B8F0014DC1D /* SystemConfiguration.framework */ = {isa = PBXFileReference; lastKnownFileType = wrapper.framework; name = SystemConfiguration.framework; path = System/Library/Frameworks/SystemConfiguration.framework; sourceTree = SDKROOT; };
		4CC2EAE118BA7AD900F359F8 /* Icon-40@2x.png */ = {isa = PBXFileReference; lastKnownFileType = image.png; path = "Icon-40@2x.png"; sourceTree = "<group>"; };
		4CC2EAE318BA7AEB00F359F8 /* Icon-60@2x.png */ = {isa = PBXFileReference; lastKnownFileType = image.png; path = "Icon-60@2x.png"; sourceTree = "<group>"; };
		4CC2EAE518BA7B0800F359F8 /* Icon-Small@2x.png */ = {isa = PBXFileReference; lastKnownFileType = image.png; path = "Icon-Small@2x.png"; sourceTree = "<group>"; };
		4CCA001D1922D12E00CE4D95 /* arrow_down.png */ = {isa = PBXFileReference; lastKnownFileType = image.png; path = arrow_down.png; sourceTree = "<group>"; };
		4CCA0023192450B100CE4D95 /* en-US.json */ = {isa = PBXFileReference; fileEncoding = 4; lastKnownFileType = text.json; path = "en-US.json"; sourceTree = "<group>"; };
		4CCBA10518B9B5E900CFCB3A /* TmlTests-Info.plist */ = {isa = PBXFileReference; fileEncoding = 4; lastKnownFileType = text.plist.xml; path = "TmlTests-Info.plist"; sourceTree = "<group>"; };
		4CCBA12518B9B69A00CFCB3A /* MenuViewController.h */ = {isa = PBXFileReference; fileEncoding = 4; lastKnownFileType = sourcecode.c.h; path = MenuViewController.h; sourceTree = "<group>"; };
		4CCBA12618B9B69A00CFCB3A /* MenuViewController.m */ = {isa = PBXFileReference; fileEncoding = 4; lastKnownFileType = sourcecode.c.objc; path = MenuViewController.m; sourceTree = "<group>"; };
		4CCBA12918B9B69A00CFCB3A /* TMLConsoleViewController.h */ = {isa = PBXFileReference; fileEncoding = 4; lastKnownFileType = sourcecode.c.h; path = TMLConsoleViewController.h; sourceTree = "<group>"; };
		4CCBA12A18B9B69A00CFCB3A /* TMLConsoleViewController.m */ = {isa = PBXFileReference; fileEncoding = 4; lastKnownFileType = sourcecode.c.objc; path = TMLConsoleViewController.m; sourceTree = "<group>"; };
		4CCBA12B18B9B69A00CFCB3A /* TMLTableViewCell.h */ = {isa = PBXFileReference; fileEncoding = 4; lastKnownFileType = sourcecode.c.h; path = TMLTableViewCell.h; sourceTree = "<group>"; };
		4CCBA12C18B9B69A00CFCB3A /* TMLTableViewCell.m */ = {isa = PBXFileReference; fileEncoding = 4; lastKnownFileType = sourcecode.c.objc; path = TMLTableViewCell.m; sourceTree = "<group>"; };
		4CCBA12D18B9B69A00CFCB3A /* TranslationViewController.h */ = {isa = PBXFileReference; fileEncoding = 4; lastKnownFileType = sourcecode.c.h; path = TranslationViewController.h; sourceTree = "<group>"; };
		4CCBA12E18B9B69A00CFCB3A /* TranslationViewController.m */ = {isa = PBXFileReference; fileEncoding = 4; lastKnownFileType = sourcecode.c.objc; path = TranslationViewController.m; sourceTree = "<group>"; };
		4CE06A0318BD37A40088AB3E /* WelcomeViewController.h */ = {isa = PBXFileReference; fileEncoding = 4; lastKnownFileType = sourcecode.c.h; path = WelcomeViewController.h; sourceTree = "<group>"; };
		4CE06A0418BD37A40088AB3E /* WelcomeViewController.m */ = {isa = PBXFileReference; fileEncoding = 4; lastKnownFileType = sourcecode.c.objc; path = WelcomeViewController.m; sourceTree = "<group>"; };
		4CE06A0618BD3D2E0088AB3E /* DecorationTokensDemoViewController.h */ = {isa = PBXFileReference; fileEncoding = 4; lastKnownFileType = sourcecode.c.h; path = DecorationTokensDemoViewController.h; sourceTree = "<group>"; };
		4CE06A0718BD3D2E0088AB3E /* DecorationTokensDemoViewController.m */ = {isa = PBXFileReference; fileEncoding = 4; lastKnownFileType = sourcecode.c.objc; path = DecorationTokensDemoViewController.m; sourceTree = "<group>"; };
		4CE06A1118BD42D30088AB3E /* TMLSampleTableViewCell.h */ = {isa = PBXFileReference; fileEncoding = 4; lastKnownFileType = sourcecode.c.h; path = TMLSampleTableViewCell.h; sourceTree = "<group>"; };
		4CE06A1218BD42D30088AB3E /* TMLSampleTableViewCell.m */ = {isa = PBXFileReference; fileEncoding = 4; lastKnownFileType = sourcecode.c.objc; path = TMLSampleTableViewCell.m; sourceTree = "<group>"; };
		4CE06A1418BD823B0088AB3E /* DataTokensDemoViewController.h */ = {isa = PBXFileReference; fileEncoding = 4; lastKnownFileType = sourcecode.c.h; path = DataTokensDemoViewController.h; sourceTree = "<group>"; };
		4CE06A1518BD823B0088AB3E /* DataTokensDemoViewController.m */ = {isa = PBXFileReference; fileEncoding = 4; lastKnownFileType = sourcecode.c.objc; path = DataTokensDemoViewController.m; sourceTree = "<group>"; };
		4CE06A1718BD82660088AB3E /* CombinedTokensDemoViewController.h */ = {isa = PBXFileReference; fileEncoding = 4; lastKnownFileType = sourcecode.c.h; path = CombinedTokensDemoViewController.h; sourceTree = "<group>"; };
		4CE06A1818BD82660088AB3E /* CombinedTokensDemoViewController.m */ = {isa = PBXFileReference; fileEncoding = 4; lastKnownFileType = sourcecode.c.objc; path = CombinedTokensDemoViewController.m; sourceTree = "<group>"; };
		4CE06A1B18BD85830088AB3E /* TokensDemoViewController.h */ = {isa = PBXFileReference; fileEncoding = 4; lastKnownFileType = sourcecode.c.h; path = TokensDemoViewController.h; sourceTree = "<group>"; };
		4CE06A1C18BD85830088AB3E /* TokensDemoViewController.m */ = {isa = PBXFileReference; fileEncoding = 4; lastKnownFileType = sourcecode.c.objc; path = TokensDemoViewController.m; sourceTree = "<group>"; };
		4CE06A1E18BD882F0088AB3E /* User.h */ = {isa = PBXFileReference; fileEncoding = 4; lastKnownFileType = sourcecode.c.h; path = User.h; sourceTree = "<group>"; };
		4CE06A1F18BD882F0088AB3E /* User.m */ = {isa = PBXFileReference; fileEncoding = 4; lastKnownFileType = sourcecode.c.objc; path = User.m; sourceTree = "<group>"; };
		4CFA530F19284666006E1B43 /* LICENSE */ = {isa = PBXFileReference; fileEncoding = 4; lastKnownFileType = text; name = LICENSE; path = ../LICENSE; sourceTree = "<group>"; };
		4CFA531019284666006E1B43 /* Rakefile */ = {isa = PBXFileReference; fileEncoding = 4; lastKnownFileType = text; name = Rakefile; path = ../Rakefile; sourceTree = "<group>"; };
		4CFA531119284666006E1B43 /* README.md */ = {isa = PBXFileReference; fileEncoding = 4; lastKnownFileType = text; name = README.md; path = ../README.md; sourceTree = "<group>"; };
		4CFA531219284666006E1B43 /* Tml.podspec */ = {isa = PBXFileReference; fileEncoding = 4; lastKnownFileType = text; name = Tml.podspec; path = ../Tml.podspec; sourceTree = "<group>"; };
		568004C1C8454EA8AD9E4612 /* libPods-DemoTests.a */ = {isa = PBXFileReference; explicitFileType = archive.ar; includeInIndex = 0; path = "libPods-DemoTests.a"; sourceTree = BUILT_PRODUCTS_DIR; };
		84922E9709A1E82DE15D4D88 /* Pods-Demo.release.xcconfig */ = {isa = PBXFileReference; includeInIndex = 1; lastKnownFileType = text.xcconfig; name = "Pods-Demo.release.xcconfig"; path = "Pods/Target Support Files/Pods-Demo/Pods-Demo.release.xcconfig"; sourceTree = "<group>"; };
		A6A3AC3DD938835FB92F9194 /* Pods-Demo.debug.xcconfig */ = {isa = PBXFileReference; includeInIndex = 1; lastKnownFileType = text.xcconfig; name = "Pods-Demo.debug.xcconfig"; path = "Pods/Target Support Files/Pods-Demo/Pods-Demo.debug.xcconfig"; sourceTree = "<group>"; };
		BD38CEACE6D239B51CE90063 /* Pods-DemoTests.debug.xcconfig */ = {isa = PBXFileReference; includeInIndex = 1; lastKnownFileType = text.xcconfig; name = "Pods-DemoTests.debug.xcconfig"; path = "Pods/Target Support Files/Pods-DemoTests/Pods-DemoTests.debug.xcconfig"; sourceTree = "<group>"; };
		C0F80C3C1BEA7E310048DF2D /* TMLApplicationTest.m */ = {isa = PBXFileReference; fileEncoding = 4; lastKnownFileType = sourcecode.c.objc; path = TMLApplicationTest.m; sourceTree = "<group>"; };
		C0F80C3D1BEA7E310048DF2D /* TMLConfigurationTest.m */ = {isa = PBXFileReference; fileEncoding = 4; lastKnownFileType = sourcecode.c.objc; path = TMLConfigurationTest.m; sourceTree = "<group>"; };
		C0F80C3F1BEA7E310048DF2D /* app.json */ = {isa = PBXFileReference; fileEncoding = 4; lastKnownFileType = text.json; path = app.json; sourceTree = "<group>"; };
		C0F80C421BEA7E310048DF2D /* cs_en-US_plural.json */ = {isa = PBXFileReference; fileEncoding = 4; lastKnownFileType = text.json; path = "cs_en-US_plural.json"; sourceTree = "<group>"; };
		C0F80C431BEA7E310048DF2D /* ctx_en-US_gender.json */ = {isa = PBXFileReference; fileEncoding = 4; lastKnownFileType = text.json; path = "ctx_en-US_gender.json"; sourceTree = "<group>"; };
		C0F80C441BEA7E310048DF2D /* ctx_en-US_number.json */ = {isa = PBXFileReference; fileEncoding = 4; lastKnownFileType = text.json; path = "ctx_en-US_number.json"; sourceTree = "<group>"; };
		C0F80C451BEA7E310048DF2D /* en-US.json */ = {isa = PBXFileReference; fileEncoding = 4; lastKnownFileType = text.json; path = "en-US.json"; sourceTree = "<group>"; };
		C0F80C471BEA7E310048DF2D /* es.json */ = {isa = PBXFileReference; fileEncoding = 4; lastKnownFileType = text.json; path = es.json; sourceTree = "<group>"; };
		C0F80C491BEA7E310048DF2D /* cs_ru_gen.json */ = {isa = PBXFileReference; fileEncoding = 4; lastKnownFileType = text.json; path = cs_ru_gen.json; sourceTree = "<group>"; };
		C0F80C4A1BEA7E310048DF2D /* ctx_ru_gender.json */ = {isa = PBXFileReference; fileEncoding = 4; lastKnownFileType = text.json; path = ctx_ru_gender.json; sourceTree = "<group>"; };
		C0F80C4B1BEA7E310048DF2D /* ctx_ru_number.json */ = {isa = PBXFileReference; fileEncoding = 4; lastKnownFileType = text.json; path = ctx_ru_number.json; sourceTree = "<group>"; };
		C0F80C4C1BEA7E310048DF2D /* ru.json */ = {isa = PBXFileReference; fileEncoding = 4; lastKnownFileType = text.json; path = ru.json; sourceTree = "<group>"; };
		C0F80C4E1BEA7E310048DF2D /* TMLLanguageCaseRuleTest.m */ = {isa = PBXFileReference; fileEncoding = 4; lastKnownFileType = sourcecode.c.objc; path = TMLLanguageCaseRuleTest.m; sourceTree = "<group>"; };
		C0F80C4F1BEA7E310048DF2D /* TMLLanguageCaseTest.m */ = {isa = PBXFileReference; fileEncoding = 4; lastKnownFileType = sourcecode.c.objc; path = TMLLanguageCaseTest.m; sourceTree = "<group>"; };
		C0F80C501BEA7E310048DF2D /* TMLLanguageContextRuleTest.m */ = {isa = PBXFileReference; fileEncoding = 4; lastKnownFileType = sourcecode.c.objc; path = TMLLanguageContextRuleTest.m; sourceTree = "<group>"; };
		C0F80C511BEA7E310048DF2D /* TMLLanguageContextTest.m */ = {isa = PBXFileReference; fileEncoding = 4; lastKnownFileType = sourcecode.c.objc; path = TMLLanguageContextTest.m; sourceTree = "<group>"; };
		C0F80C531BEA7E310048DF2D /* TMLTestUser.h */ = {isa = PBXFileReference; fileEncoding = 4; lastKnownFileType = sourcecode.c.h; path = TMLTestUser.h; sourceTree = "<group>"; };
		C0F80C541BEA7E310048DF2D /* TMLTestUser.m */ = {isa = PBXFileReference; fileEncoding = 4; lastKnownFileType = sourcecode.c.objc; path = TMLTestUser.m; sourceTree = "<group>"; };
		C0F80C561BEA7E310048DF2D /* TMLRulesEvaluatorTest.m */ = {isa = PBXFileReference; fileEncoding = 4; lastKnownFileType = sourcecode.c.objc; path = TMLRulesEvaluatorTest.m; sourceTree = "<group>"; };
		C0F80C571BEA7E310048DF2D /* TMLRulesParserTest.m */ = {isa = PBXFileReference; fileEncoding = 4; lastKnownFileType = sourcecode.c.objc; path = TMLRulesParserTest.m; sourceTree = "<group>"; };
		C0F80C581BEA7E310048DF2D /* TMLTest.m */ = {isa = PBXFileReference; fileEncoding = 4; lastKnownFileType = sourcecode.c.objc; path = TMLTest.m; sourceTree = "<group>"; };
		C0F80C591BEA7E310048DF2D /* TMLTestBase.h */ = {isa = PBXFileReference; fileEncoding = 4; lastKnownFileType = sourcecode.c.h; path = TMLTestBase.h; sourceTree = "<group>"; };
		C0F80C5A1BEA7E310048DF2D /* TMLTestBase.m */ = {isa = PBXFileReference; fileEncoding = 4; lastKnownFileType = sourcecode.c.objc; path = TMLTestBase.m; sourceTree = "<group>"; };
		C0F80C5C1BEA7E310048DF2D /* TMLAttributedDecorationTokenizerTest.m */ = {isa = PBXFileReference; fileEncoding = 4; lastKnownFileType = sourcecode.c.objc; path = TMLAttributedDecorationTokenizerTest.m; sourceTree = "<group>"; };
		C0F80C5D1BEA7E310048DF2D /* TMLDecorationTokenizerTest.m */ = {isa = PBXFileReference; fileEncoding = 4; lastKnownFileType = sourcecode.c.objc; path = TMLDecorationTokenizerTest.m; sourceTree = "<group>"; };
		C0F80C5E1BEA7E310048DF2D /* TMLHtmlDecorationTokenizerTest.m */ = {isa = PBXFileReference; fileEncoding = 4; lastKnownFileType = sourcecode.c.objc; path = TMLHtmlDecorationTokenizerTest.m; sourceTree = "<group>"; };
		C0F80C601BEA7E310048DF2D /* TMLDataTokenTest.m */ = {isa = PBXFileReference; fileEncoding = 4; lastKnownFileType = sourcecode.c.objc; path = TMLDataTokenTest.m; sourceTree = "<group>"; };
		C0F80C611BEA7E310048DF2D /* TMLPipedTokenTest.m */ = {isa = PBXFileReference; fileEncoding = 4; lastKnownFileType = sourcecode.c.objc; path = TMLPipedTokenTest.m; sourceTree = "<group>"; };
		C0F80C631BEA7E310048DF2D /* TMLTranslationKeyTest.m */ = {isa = PBXFileReference; fileEncoding = 4; lastKnownFileType = sourcecode.c.objc; path = TMLTranslationKeyTest.m; sourceTree = "<group>"; };
		C0F80C801BEA83DE0048DF2D /* TMLAPIClient.h */ = {isa = PBXFileReference; fileEncoding = 4; lastKnownFileType = sourcecode.c.h; path = TMLAPIClient.h; sourceTree = "<group>"; };
		C0F80C811BEA83DE0048DF2D /* TMLAPIClient.m */ = {isa = PBXFileReference; fileEncoding = 4; lastKnownFileType = sourcecode.c.objc; path = TMLAPIClient.m; sourceTree = "<group>"; };
		C0F80C821BEA83DE0048DF2D /* TMLApplication.h */ = {isa = PBXFileReference; fileEncoding = 4; lastKnownFileType = sourcecode.c.h; path = TMLApplication.h; sourceTree = "<group>"; };
		C0F80C831BEA83DE0048DF2D /* TMLApplication.m */ = {isa = PBXFileReference; fileEncoding = 4; lastKnownFileType = sourcecode.c.objc; path = TMLApplication.m; sourceTree = "<group>"; };
		C0F80C841BEA83DE0048DF2D /* TMLCache.h */ = {isa = PBXFileReference; fileEncoding = 4; lastKnownFileType = sourcecode.c.h; path = TMLCache.h; sourceTree = "<group>"; };
		C0F80C851BEA83DE0048DF2D /* TMLCache.m */ = {isa = PBXFileReference; fileEncoding = 4; lastKnownFileType = sourcecode.c.objc; path = TMLCache.m; sourceTree = "<group>"; };
		C0F80C861BEA83DE0048DF2D /* TMLConfiguration.h */ = {isa = PBXFileReference; fileEncoding = 4; lastKnownFileType = sourcecode.c.h; path = TMLConfiguration.h; sourceTree = "<group>"; };
		C0F80C871BEA83DE0048DF2D /* TMLConfiguration.m */ = {isa = PBXFileReference; fileEncoding = 4; lastKnownFileType = sourcecode.c.objc; path = TMLConfiguration.m; sourceTree = "<group>"; };
		C0F80C881BEA83DE0048DF2D /* TMLPostOffice.h */ = {isa = PBXFileReference; fileEncoding = 4; lastKnownFileType = sourcecode.c.h; path = TMLPostOffice.h; sourceTree = "<group>"; };
		C0F80C891BEA83DE0048DF2D /* TMLPostOffice.m */ = {isa = PBXFileReference; fileEncoding = 4; lastKnownFileType = sourcecode.c.objc; path = TMLPostOffice.m; sourceTree = "<group>"; };
		C0F80C8A1BEA83DE0048DF2D /* TMLSource.h */ = {isa = PBXFileReference; fileEncoding = 4; lastKnownFileType = sourcecode.c.h; path = TMLSource.h; sourceTree = "<group>"; };
		C0F80C8B1BEA83DE0048DF2D /* TMLSource.m */ = {isa = PBXFileReference; fileEncoding = 4; lastKnownFileType = sourcecode.c.objc; path = TMLSource.m; sourceTree = "<group>"; };
		C0F80C8D1BEA83DE0048DF2D /* TMLLanguageSelectorViewController.h */ = {isa = PBXFileReference; fileEncoding = 4; lastKnownFileType = sourcecode.c.h; path = TMLLanguageSelectorViewController.h; sourceTree = "<group>"; };
		C0F80C8E1BEA83DE0048DF2D /* TMLLanguageSelectorViewController.m */ = {isa = PBXFileReference; fileEncoding = 4; lastKnownFileType = sourcecode.c.objc; path = TMLLanguageSelectorViewController.m; sourceTree = "<group>"; };
		C0F80C8F1BEA83DE0048DF2D /* TMLTranslatorViewController.h */ = {isa = PBXFileReference; fileEncoding = 4; lastKnownFileType = sourcecode.c.h; path = TMLTranslatorViewController.h; sourceTree = "<group>"; };
		C0F80C901BEA83DE0048DF2D /* TMLTranslatorViewController.m */ = {isa = PBXFileReference; fileEncoding = 4; lastKnownFileType = sourcecode.c.objc; path = TMLTranslatorViewController.m; sourceTree = "<group>"; };
		C0F80C911BEA83DE0048DF2D /* TMLViewController.h */ = {isa = PBXFileReference; fileEncoding = 4; lastKnownFileType = sourcecode.c.h; path = TMLViewController.h; sourceTree = "<group>"; };
		C0F80C921BEA83DE0048DF2D /* TMLViewController.m */ = {isa = PBXFileReference; fileEncoding = 4; lastKnownFileType = sourcecode.c.objc; path = TMLViewController.m; sourceTree = "<group>"; };
		C0F80C941BEA83DE0048DF2D /* NSObject+TML.h */ = {isa = PBXFileReference; fileEncoding = 4; lastKnownFileType = sourcecode.c.h; path = "NSObject+TML.h"; sourceTree = "<group>"; };
		C0F80C951BEA83DE0048DF2D /* NSObject+TML.m */ = {isa = PBXFileReference; fileEncoding = 4; lastKnownFileType = sourcecode.c.objc; path = "NSObject+TML.m"; sourceTree = "<group>"; };
		C0F80C961BEA83DE0048DF2D /* NSString+TmlAdditions.h */ = {isa = PBXFileReference; fileEncoding = 4; lastKnownFileType = sourcecode.c.h; path = "NSString+TmlAdditions.h"; sourceTree = "<group>"; };
		C0F80C971BEA83DE0048DF2D /* NSString+TmlAdditions.m */ = {isa = PBXFileReference; fileEncoding = 4; lastKnownFileType = sourcecode.c.objc; path = "NSString+TmlAdditions.m"; sourceTree = "<group>"; };
		C0F80C981BEA83DE0048DF2D /* UIButton+TML.h */ = {isa = PBXFileReference; fileEncoding = 4; lastKnownFileType = sourcecode.c.h; path = "UIButton+TML.h"; sourceTree = "<group>"; };
		C0F80C991BEA83DE0048DF2D /* UIButton+TML.m */ = {isa = PBXFileReference; fileEncoding = 4; lastKnownFileType = sourcecode.c.objc; path = "UIButton+TML.m"; sourceTree = "<group>"; };
		C0F80C9A1BEA83DE0048DF2D /* UILabel+TML.h */ = {isa = PBXFileReference; fileEncoding = 4; lastKnownFileType = sourcecode.c.h; path = "UILabel+TML.h"; sourceTree = "<group>"; };
		C0F80C9B1BEA83DE0048DF2D /* UILabel+TML.m */ = {isa = PBXFileReference; fileEncoding = 4; lastKnownFileType = sourcecode.c.objc; path = "UILabel+TML.m"; sourceTree = "<group>"; };
		C0F80C9C1BEA83DE0048DF2D /* UIViewController+TML.h */ = {isa = PBXFileReference; fileEncoding = 4; lastKnownFileType = sourcecode.c.h; path = "UIViewController+TML.h"; sourceTree = "<group>"; };
		C0F80C9D1BEA83DE0048DF2D /* UIViewController+TML.m */ = {isa = PBXFileReference; fileEncoding = 4; lastKnownFileType = sourcecode.c.objc; path = "UIViewController+TML.m"; sourceTree = "<group>"; };
		C0F80CA11BEA83DE0048DF2D /* TMLLanguage.h */ = {isa = PBXFileReference; fileEncoding = 4; lastKnownFileType = sourcecode.c.h; path = TMLLanguage.h; sourceTree = "<group>"; };
		C0F80CA21BEA83DE0048DF2D /* TMLLanguage.m */ = {isa = PBXFileReference; fileEncoding = 4; lastKnownFileType = sourcecode.c.objc; path = TMLLanguage.m; sourceTree = "<group>"; };
		C0F80CA31BEA83DE0048DF2D /* TMLLanguageCase.h */ = {isa = PBXFileReference; fileEncoding = 4; lastKnownFileType = sourcecode.c.h; path = TMLLanguageCase.h; sourceTree = "<group>"; };
		C0F80CA41BEA83DE0048DF2D /* TMLLanguageCase.m */ = {isa = PBXFileReference; fileEncoding = 4; lastKnownFileType = sourcecode.c.objc; path = TMLLanguageCase.m; sourceTree = "<group>"; };
		C0F80CA51BEA83DE0048DF2D /* TMLLanguageCaseRule.h */ = {isa = PBXFileReference; fileEncoding = 4; lastKnownFileType = sourcecode.c.h; path = TMLLanguageCaseRule.h; sourceTree = "<group>"; };
		C0F80CA61BEA83DE0048DF2D /* TMLLanguageCaseRule.m */ = {isa = PBXFileReference; fileEncoding = 4; lastKnownFileType = sourcecode.c.objc; path = TMLLanguageCaseRule.m; sourceTree = "<group>"; };
		C0F80CA71BEA83DE0048DF2D /* TMLLanguageContext.h */ = {isa = PBXFileReference; fileEncoding = 4; lastKnownFileType = sourcecode.c.h; path = TMLLanguageContext.h; sourceTree = "<group>"; };
		C0F80CA81BEA83DE0048DF2D /* TMLLanguageContext.m */ = {isa = PBXFileReference; fileEncoding = 4; lastKnownFileType = sourcecode.c.objc; path = TMLLanguageContext.m; sourceTree = "<group>"; };
		C0F80CA91BEA83DE0048DF2D /* TMLLanguageContextRule.h */ = {isa = PBXFileReference; fileEncoding = 4; lastKnownFileType = sourcecode.c.h; path = TMLLanguageContextRule.h; sourceTree = "<group>"; };
		C0F80CAA1BEA83DE0048DF2D /* TMLLanguageContextRule.m */ = {isa = PBXFileReference; fileEncoding = 4; lastKnownFileType = sourcecode.c.objc; path = TMLLanguageContextRule.m; sourceTree = "<group>"; };
		C0F80CAC1BEA83DE0048DF2D /* TMLRulesEvaluator.h */ = {isa = PBXFileReference; fileEncoding = 4; lastKnownFileType = sourcecode.c.h; path = TMLRulesEvaluator.h; sourceTree = "<group>"; };
		C0F80CAD1BEA83DE0048DF2D /* TMLRulesEvaluator.m */ = {isa = PBXFileReference; fileEncoding = 4; lastKnownFileType = sourcecode.c.objc; path = TMLRulesEvaluator.m; sourceTree = "<group>"; };
		C0F80CAE1BEA83DE0048DF2D /* TMLRulesParser.h */ = {isa = PBXFileReference; fileEncoding = 4; lastKnownFileType = sourcecode.c.h; path = TMLRulesParser.h; sourceTree = "<group>"; };
		C0F80CAF1BEA83DE0048DF2D /* TMLRulesParser.m */ = {isa = PBXFileReference; fileEncoding = 4; lastKnownFileType = sourcecode.c.objc; path = TMLRulesParser.m; sourceTree = "<group>"; };
		C0F80CB01BEA83DE0048DF2D /* TML.h */ = {isa = PBXFileReference; fileEncoding = 4; lastKnownFileType = sourcecode.c.h; path = TML.h; sourceTree = "<group>"; };
		C0F80CB11BEA83DE0048DF2D /* TML.m */ = {isa = PBXFileReference; fileEncoding = 4; lastKnownFileType = sourcecode.c.objc; path = TML.m; sourceTree = "<group>"; };
		C0F80CB21BEA83DE0048DF2D /* TMLBase.h */ = {isa = PBXFileReference; fileEncoding = 4; lastKnownFileType = sourcecode.c.h; path = TMLBase.h; sourceTree = "<group>"; };
		C0F80CB31BEA83DE0048DF2D /* TMLBase.m */ = {isa = PBXFileReference; fileEncoding = 4; lastKnownFileType = sourcecode.c.objc; path = TMLBase.m; sourceTree = "<group>"; };
		C0F80CB41BEA83DE0048DF2D /* TMLLogger.h */ = {isa = PBXFileReference; fileEncoding = 4; lastKnownFileType = sourcecode.c.h; path = TMLLogger.h; sourceTree = "<group>"; };
		C0F80CB61BEA83DE0048DF2D /* TMLAttributedDecorationTokenizer.h */ = {isa = PBXFileReference; fileEncoding = 4; lastKnownFileType = sourcecode.c.h; path = TMLAttributedDecorationTokenizer.h; sourceTree = "<group>"; };
		C0F80CB71BEA83DE0048DF2D /* TMLAttributedDecorationTokenizer.m */ = {isa = PBXFileReference; fileEncoding = 4; lastKnownFileType = sourcecode.c.objc; path = TMLAttributedDecorationTokenizer.m; sourceTree = "<group>"; };
		C0F80CB81BEA83DE0048DF2D /* TMLDataTokenizer.h */ = {isa = PBXFileReference; fileEncoding = 4; lastKnownFileType = sourcecode.c.h; path = TMLDataTokenizer.h; sourceTree = "<group>"; };
		C0F80CB91BEA83DE0048DF2D /* TMLDataTokenizer.m */ = {isa = PBXFileReference; fileEncoding = 4; lastKnownFileType = sourcecode.c.objc; path = TMLDataTokenizer.m; sourceTree = "<group>"; };
		C0F80CBA1BEA83DE0048DF2D /* TMLDecorationTokenizer.h */ = {isa = PBXFileReference; fileEncoding = 4; lastKnownFileType = sourcecode.c.h; path = TMLDecorationTokenizer.h; sourceTree = "<group>"; };
		C0F80CBB1BEA83DE0048DF2D /* TMLDecorationTokenizer.m */ = {isa = PBXFileReference; fileEncoding = 4; lastKnownFileType = sourcecode.c.objc; path = TMLDecorationTokenizer.m; sourceTree = "<group>"; };
		C0F80CBC1BEA83DE0048DF2D /* TMLHtmlDecorationTokenizer.h */ = {isa = PBXFileReference; fileEncoding = 4; lastKnownFileType = sourcecode.c.h; path = TMLHtmlDecorationTokenizer.h; sourceTree = "<group>"; };
		C0F80CBD1BEA83DE0048DF2D /* TMLHtmlDecorationTokenizer.m */ = {isa = PBXFileReference; fileEncoding = 4; lastKnownFileType = sourcecode.c.objc; path = TMLHtmlDecorationTokenizer.m; sourceTree = "<group>"; };
		C0F80CBF1BEA83DE0048DF2D /* TMLDataToken.h */ = {isa = PBXFileReference; fileEncoding = 4; lastKnownFileType = sourcecode.c.h; path = TMLDataToken.h; sourceTree = "<group>"; };
		C0F80CC01BEA83DE0048DF2D /* TMLDataToken.m */ = {isa = PBXFileReference; fileEncoding = 4; lastKnownFileType = sourcecode.c.objc; path = TMLDataToken.m; sourceTree = "<group>"; };
		C0F80CC11BEA83DE0048DF2D /* TMLMethodToken.h */ = {isa = PBXFileReference; fileEncoding = 4; lastKnownFileType = sourcecode.c.h; path = TMLMethodToken.h; sourceTree = "<group>"; };
		C0F80CC21BEA83DE0048DF2D /* TMLMethodToken.m */ = {isa = PBXFileReference; fileEncoding = 4; lastKnownFileType = sourcecode.c.objc; path = TMLMethodToken.m; sourceTree = "<group>"; };
		C0F80CC31BEA83DE0048DF2D /* TMLPipedToken.h */ = {isa = PBXFileReference; fileEncoding = 4; lastKnownFileType = sourcecode.c.h; path = TMLPipedToken.h; sourceTree = "<group>"; };
		C0F80CC41BEA83DE0048DF2D /* TMLPipedToken.m */ = {isa = PBXFileReference; fileEncoding = 4; lastKnownFileType = sourcecode.c.objc; path = TMLPipedToken.m; sourceTree = "<group>"; };
		C0F80CC61BEA83DE0048DF2D /* TMLTranslation.h */ = {isa = PBXFileReference; fileEncoding = 4; lastKnownFileType = sourcecode.c.h; path = TMLTranslation.h; sourceTree = "<group>"; };
		C0F80CC71BEA83DE0048DF2D /* TMLTranslation.m */ = {isa = PBXFileReference; fileEncoding = 4; lastKnownFileType = sourcecode.c.objc; path = TMLTranslation.m; sourceTree = "<group>"; };
		C0F80CC81BEA83DE0048DF2D /* TMLTranslationKey.h */ = {isa = PBXFileReference; fileEncoding = 4; lastKnownFileType = sourcecode.c.h; path = TMLTranslationKey.h; sourceTree = "<group>"; };
		C0F80CC91BEA83DE0048DF2D /* TMLTranslationKey.m */ = {isa = PBXFileReference; fileEncoding = 4; lastKnownFileType = sourcecode.c.objc; path = TMLTranslationKey.m; sourceTree = "<group>"; };
		C0F80D0C1BEA860F0048DF2D /* UIBarButtonItem+TML.h */ = {isa = PBXFileReference; fileEncoding = 4; lastKnownFileType = sourcecode.c.h; path = "UIBarButtonItem+TML.h"; sourceTree = "<group>"; };
		C0F80D0D1BEA860F0048DF2D /* UIBarButtonItem+TML.m */ = {isa = PBXFileReference; fileEncoding = 4; lastKnownFileType = sourcecode.c.objc; path = "UIBarButtonItem+TML.m"; sourceTree = "<group>"; };
		C0F80D101BEA86260048DF2D /* UINavigationItem+TML.h */ = {isa = PBXFileReference; fileEncoding = 4; lastKnownFileType = sourcecode.c.h; path = "UINavigationItem+TML.h"; sourceTree = "<group>"; };
		C0F80D111BEA86260048DF2D /* UINavigationItem+TML.m */ = {isa = PBXFileReference; fileEncoding = 4; lastKnownFileType = sourcecode.c.objc; path = "UINavigationItem+TML.m"; sourceTree = "<group>"; };
		C0F80D141BEA86370048DF2D /* UISearchBar+TML.h */ = {isa = PBXFileReference; fileEncoding = 4; lastKnownFileType = sourcecode.c.h; path = "UISearchBar+TML.h"; sourceTree = "<group>"; };
		C0F80D151BEA86370048DF2D /* UISearchBar+TML.m */ = {isa = PBXFileReference; fileEncoding = 4; lastKnownFileType = sourcecode.c.objc; path = "UISearchBar+TML.m"; sourceTree = "<group>"; };
		C0F80D181BEA86480048DF2D /* UISegmentedControl+TML.h */ = {isa = PBXFileReference; fileEncoding = 4; lastKnownFileType = sourcecode.c.h; path = "UISegmentedControl+TML.h"; sourceTree = "<group>"; };
		C0F80D191BEA86480048DF2D /* UISegmentedControl+TML.m */ = {isa = PBXFileReference; fileEncoding = 4; lastKnownFileType = sourcecode.c.objc; path = "UISegmentedControl+TML.m"; sourceTree = "<group>"; };
		C0F80D1C1BEA865F0048DF2D /* UITabBarItem+TML.h */ = {isa = PBXFileReference; fileEncoding = 4; lastKnownFileType = sourcecode.c.h; path = "UITabBarItem+TML.h"; sourceTree = "<group>"; };
		C0F80D1D1BEA865F0048DF2D /* UITabBarItem+TML.m */ = {isa = PBXFileReference; fileEncoding = 4; lastKnownFileType = sourcecode.c.objc; path = "UITabBarItem+TML.m"; sourceTree = "<group>"; };
		C0F80D201BEA866D0048DF2D /* UITextField+TML.h */ = {isa = PBXFileReference; fileEncoding = 4; lastKnownFileType = sourcecode.c.h; path = "UITextField+TML.h"; sourceTree = "<group>"; };
		C0F80D211BEA866D0048DF2D /* UITextField+TML.m */ = {isa = PBXFileReference; fileEncoding = 4; lastKnownFileType = sourcecode.c.objc; path = "UITextField+TML.m"; sourceTree = "<group>"; };
		C0F80D241BEA86800048DF2D /* UITextView+TML.h */ = {isa = PBXFileReference; fileEncoding = 4; lastKnownFileType = sourcecode.c.h; path = "UITextView+TML.h"; sourceTree = "<group>"; };
		C0F80D251BEA86800048DF2D /* UITextView+TML.m */ = {isa = PBXFileReference; fileEncoding = 4; lastKnownFileType = sourcecode.c.objc; path = "UITextView+TML.m"; sourceTree = "<group>"; };
		C41646A81BEBF979004B3FB3 /* TMLAPIResponse.h */ = {isa = PBXFileReference; fileEncoding = 4; lastKnownFileType = sourcecode.c.h; path = TMLAPIResponse.h; sourceTree = "<group>"; };
		C41646A91BEBF979004B3FB3 /* TMLAPIResponse.m */ = {isa = PBXFileReference; fileEncoding = 4; lastKnownFileType = sourcecode.c.objc; path = TMLAPIResponse.m; sourceTree = "<group>"; };
		C41647A91BEE97D2004B3FB3 /* TMLGlobals.h */ = {isa = PBXFileReference; fileEncoding = 4; lastKnownFileType = sourcecode.c.h; path = TMLGlobals.h; sourceTree = "<group>"; };
		C41647AA1BEE97D2004B3FB3 /* TMLGlobals.m */ = {isa = PBXFileReference; fileEncoding = 4; lastKnownFileType = sourcecode.c.objc; path = TMLGlobals.m; sourceTree = "<group>"; };
		C41647AC1BEEDD6D004B3FB3 /* TMLBundleManager.h */ = {isa = PBXFileReference; fileEncoding = 4; lastKnownFileType = sourcecode.c.h; path = TMLBundleManager.h; sourceTree = "<group>"; };
		C41647AD1BEEDD6D004B3FB3 /* TMLBundleManager.m */ = {isa = PBXFileReference; fileEncoding = 4; lastKnownFileType = sourcecode.c.objc; path = TMLBundleManager.m; sourceTree = "<group>"; };
		C41647AF1BEEDD77004B3FB3 /* TMLBundle.h */ = {isa = PBXFileReference; fileEncoding = 4; lastKnownFileType = sourcecode.c.h; path = TMLBundle.h; sourceTree = "<group>"; };
		C41647B01BEEDD77004B3FB3 /* TMLBundle.m */ = {isa = PBXFileReference; fileEncoding = 4; lastKnownFileType = sourcecode.c.objc; path = TMLBundle.m; sourceTree = "<group>"; };
		C42C56291BF2674D00207911 /* TMLJSONValueTransformer.h */ = {isa = PBXFileReference; fileEncoding = 4; lastKnownFileType = sourcecode.c.h; path = TMLJSONValueTransformer.h; sourceTree = "<group>"; };
		C42C562A1BF2674D00207911 /* TMLJSONValueTransformer.m */ = {isa = PBXFileReference; fileEncoding = 4; lastKnownFileType = sourcecode.c.objc; path = TMLJSONValueTransformer.m; sourceTree = "<group>"; };
		C42C562F1BF2695700207911 /* NSObject+TMLJSON.h */ = {isa = PBXFileReference; fileEncoding = 4; lastKnownFileType = sourcecode.c.h; path = "NSObject+TMLJSON.h"; sourceTree = "<group>"; };
		C42C56301BF2695700207911 /* NSObject+TMLJSON.m */ = {isa = PBXFileReference; fileEncoding = 4; lastKnownFileType = sourcecode.c.objc; path = "NSObject+TMLJSON.m"; sourceTree = "<group>"; };
		C42C56331BF31A6600207911 /* TMLPrivateConfig.h */ = {isa = PBXFileReference; fileEncoding = 4; lastKnownFileType = sourcecode.c.h; path = TMLPrivateConfig.h; sourceTree = "<group>"; };
		C42C56371BF42D1A00207911 /* TMLAPISerializer.h */ = {isa = PBXFileReference; fileEncoding = 4; lastKnownFileType = sourcecode.c.h; path = TMLAPISerializer.h; sourceTree = "<group>"; };
		C42C56381BF42D1A00207911 /* TMLAPISerializer.m */ = {isa = PBXFileReference; fileEncoding = 4; lastKnownFileType = sourcecode.c.objc; path = TMLAPISerializer.m; sourceTree = "<group>"; };
		C44281911BF5659200E68194 /* TMLAPISerializationTest.m */ = {isa = PBXFileReference; fileEncoding = 4; lastKnownFileType = sourcecode.c.objc; path = TMLAPISerializationTest.m; sourceTree = "<group>"; };
		C4A095D61C002FB900F2B106 /* TMLAPIBundle.h */ = {isa = PBXFileReference; fileEncoding = 4; lastKnownFileType = sourcecode.c.h; path = TMLAPIBundle.h; sourceTree = "<group>"; };
		C4A095D71C002FB900F2B106 /* TMLAPIBundle.m */ = {isa = PBXFileReference; fileEncoding = 4; lastKnownFileType = sourcecode.c.objc; path = TMLAPIBundle.m; sourceTree = "<group>"; };
/* End PBXFileReference section */

/* Begin PBXFrameworksBuildPhase section */
		4C4233E218B9B38700B76555 /* Frameworks */ = {
			isa = PBXFrameworksBuildPhase;
			buildActionMask = 2147483647;
			files = (
				4C81FD011A265B8F0014DC1D /* SystemConfiguration.framework in Frameworks */,
				4C4233EB18B9B38700B76555 /* CoreGraphics.framework in Frameworks */,
				4C4233ED18B9B38700B76555 /* UIKit.framework in Frameworks */,
				4C4233E918B9B38700B76555 /* Foundation.framework in Frameworks */,
				7763CE239D6940AF971EA5E9 /* libPods-Demo.a in Frameworks */,
			);
			runOnlyForDeploymentPostprocessing = 0;
		};
		4C42340318B9B38700B76555 /* Frameworks */ = {
			isa = PBXFrameworksBuildPhase;
			buildActionMask = 2147483647;
			files = (
				4C42340818B9B38700B76555 /* XCTest.framework in Frameworks */,
				4C42340A18B9B38700B76555 /* UIKit.framework in Frameworks */,
				4C42340918B9B38700B76555 /* Foundation.framework in Frameworks */,
				23EBD41BB7AB4911A4BF6EA2 /* libPods-DemoTests.a in Frameworks */,
			);
			runOnlyForDeploymentPostprocessing = 0;
		};
/* End PBXFrameworksBuildPhase section */

/* Begin PBXGroup section */
		4C36258819EF599400356B51 /* UI */ = {
			isa = PBXGroup;
			children = (
				4C36258219EF4E5700356B51 /* StaticTableViewController.h */,
				4C36258319EF4E5700356B51 /* StaticTableViewController.m */,
				4C36258519EF590400356B51 /* StaticViewController.h */,
				4C36258619EF590400356B51 /* StaticViewController.m */,
			);
			name = UI;
			sourceTree = "<group>";
		};
		4C4233DC18B9B38600B76555 = {
			isa = PBXGroup;
			children = (
				4CCA00221924508300CE4D95 /* Assets */,
				4C7A869018BD1F9500C2375D /* Classes */,
				4C4233EE18B9B38700B76555 /* Demo */,
				4C42340D18B9B38700B76555 /* DemoTests */,
				4C4233E718B9B38700B76555 /* Frameworks */,
				4C4233E618B9B38700B76555 /* Products */,
				4CFA53171928466D006E1B43 /* Configuration */,
				4C7A863318BD1C0800C2375D /* Podfile */,
				7C4AC61C41D6B1CA96458E32 /* Pods */,
			);
			sourceTree = "<group>";
		};
		4C4233E618B9B38700B76555 /* Products */ = {
			isa = PBXGroup;
			children = (
				4C4233E518B9B38700B76555 /* Demo.app */,
				4C42340618B9B38700B76555 /* DemoTests.xctest */,
			);
			name = Products;
			sourceTree = "<group>";
		};
		4C4233E718B9B38700B76555 /* Frameworks */ = {
			isa = PBXGroup;
			children = (
				4C81FD001A265B8F0014DC1D /* SystemConfiguration.framework */,
				4C4233E818B9B38700B76555 /* Foundation.framework */,
				4C4233EA18B9B38700B76555 /* CoreGraphics.framework */,
				4C4233EC18B9B38700B76555 /* UIKit.framework */,
				4C42340718B9B38700B76555 /* XCTest.framework */,
				2305CA3DC53F409AB1C35AE2 /* libPods-Demo.a */,
				568004C1C8454EA8AD9E4612 /* libPods-DemoTests.a */,
			);
			name = Frameworks;
			sourceTree = "<group>";
		};
		4C4233EE18B9B38700B76555 /* Demo */ = {
			isa = PBXGroup;
			children = (
				C42C56331BF31A6600207911 /* TMLPrivateConfig.h */,
				4CE06A2118BD883A0088AB3E /* Models */,
				4C4233EF18B9B38700B76555 /* Supporting Files */,
				4C7A871318BD354B00C2375D /* Controllers */,
				4C7A871218BD354100C2375D /* Assets */,
				4C4233F718B9B38700B76555 /* AppDelegate.h */,
				4C4233F818B9B38700B76555 /* AppDelegate.m */,
			);
			path = Demo;
			sourceTree = "<group>";
		};
		4C4233EF18B9B38700B76555 /* Supporting Files */ = {
			isa = PBXGroup;
			children = (
				4CC2EAE518BA7B0800F359F8 /* Icon-Small@2x.png */,
				4CC2EAE318BA7AEB00F359F8 /* Icon-60@2x.png */,
				4CC2EAE118BA7AD900F359F8 /* Icon-40@2x.png */,
				4C4233F018B9B38700B76555 /* Demo-Info.plist */,
				4C4233F118B9B38700B76555 /* InfoPlist.strings */,
				4C4233F418B9B38700B76555 /* main.m */,
				4C4233F618B9B38700B76555 /* Demo-Prefix.pch */,
			);
			name = "Supporting Files";
			sourceTree = "<group>";
		};
		4C42340D18B9B38700B76555 /* DemoTests */ = {
			isa = PBXGroup;
			children = (
				4C42340E18B9B38700B76555 /* Supporting Files */,
				C0F80C3B1BEA7E310048DF2D /* Application */,
				C0F80C3E1BEA7E310048DF2D /* Fixtures */,
				C0F80C4D1BEA7E310048DF2D /* Language */,
				C0F80C521BEA7E310048DF2D /* Models */,
				C0F80C551BEA7E310048DF2D /* Rules Engine */,
				C0F80C5B1BEA7E310048DF2D /* Tokenizers */,
				C0F80C5F1BEA7E310048DF2D /* Tokens */,
				C0F80C621BEA7E310048DF2D /* Translations */,
				4CCBA10518B9B5E900CFCB3A /* TmlTests-Info.plist */,
				C0F80C581BEA7E310048DF2D /* TMLTest.m */,
				C0F80C591BEA7E310048DF2D /* TMLTestBase.h */,
				C0F80C5A1BEA7E310048DF2D /* TMLTestBase.m */,
				C44281911BF5659200E68194 /* TMLAPISerializationTest.m */,
			);
			path = DemoTests;
			sourceTree = "<group>";
		};
		4C42340E18B9B38700B76555 /* Supporting Files */ = {
			isa = PBXGroup;
			children = (
				4C42340F18B9B38700B76555 /* DemoTests-Info.plist */,
				4C42341018B9B38700B76555 /* InfoPlist.strings */,
			);
			name = "Supporting Files";
			sourceTree = "<group>";
		};
		4C7A869018BD1F9500C2375D /* Classes */ = {
			isa = PBXGroup;
			children = (
				C0F80C7F1BEA83DE0048DF2D /* Application */,
				C0F80C8C1BEA83DE0048DF2D /* Controllers */,
				C0F80C931BEA83DE0048DF2D /* Extensions */,
				C0F80CA01BEA83DE0048DF2D /* Language */,
				C0F80CAB1BEA83DE0048DF2D /* Rules Engine */,
				C0F80CB51BEA83DE0048DF2D /* Tokenizers */,
				C0F80CBE1BEA83DE0048DF2D /* Tokens */,
				C0F80CC51BEA83DE0048DF2D /* Translations */,
				C0F80CB01BEA83DE0048DF2D /* TML.h */,
				C0F80CB11BEA83DE0048DF2D /* TML.m */,
				C0F80CB21BEA83DE0048DF2D /* TMLBase.h */,
				C0F80CB31BEA83DE0048DF2D /* TMLBase.m */,
				C0F80CB41BEA83DE0048DF2D /* TMLLogger.h */,
				C41647A91BEE97D2004B3FB3 /* TMLGlobals.h */,
				C41647AA1BEE97D2004B3FB3 /* TMLGlobals.m */,
				C42C56291BF2674D00207911 /* TMLJSONValueTransformer.h */,
				C42C562A1BF2674D00207911 /* TMLJSONValueTransformer.m */,
				C42C56371BF42D1A00207911 /* TMLAPISerializer.h */,
				C42C56381BF42D1A00207911 /* TMLAPISerializer.m */,
			);
			name = Classes;
			path = ../Classes;
			sourceTree = "<group>";
		};
		4C7A871218BD354100C2375D /* Assets */ = {
			isa = PBXGroup;
			children = (
				4C26E3F51A7B41B500D72574 /* logo.png */,
				4CCA001D1922D12E00CE4D95 /* arrow_down.png */,
				4C4233FA18B9B38700B76555 /* Main.storyboard */,
				4C42340018B9B38700B76555 /* Images.xcassets */,
				4C7A871018BD353C00C2375D /* more.png */,
			);
			name = Assets;
			sourceTree = "<group>";
		};
		4C7A871318BD354B00C2375D /* Controllers */ = {
			isa = PBXGroup;
			children = (
				4C7A871418BD355600C2375D /* Table Cells */,
				4CE06A1A18BD826F0088AB3E /* Base */,
				4C36258819EF599400356B51 /* UI */,
				4CCBA12518B9B69A00CFCB3A /* MenuViewController.h */,
				4CCBA12618B9B69A00CFCB3A /* MenuViewController.m */,
				4CE06A0318BD37A40088AB3E /* WelcomeViewController.h */,
				4CE06A0418BD37A40088AB3E /* WelcomeViewController.m */,
				4CCBA12D18B9B69A00CFCB3A /* TranslationViewController.h */,
				4CCBA12E18B9B69A00CFCB3A /* TranslationViewController.m */,
				4CCBA12918B9B69A00CFCB3A /* TMLConsoleViewController.h */,
				4CCBA12A18B9B69A00CFCB3A /* TMLConsoleViewController.m */,
				4CE06A1B18BD85830088AB3E /* TokensDemoViewController.h */,
				4CE06A1C18BD85830088AB3E /* TokensDemoViewController.m */,
				4CE06A0618BD3D2E0088AB3E /* DecorationTokensDemoViewController.h */,
				4CE06A0718BD3D2E0088AB3E /* DecorationTokensDemoViewController.m */,
				4CE06A1418BD823B0088AB3E /* DataTokensDemoViewController.h */,
				4CE06A1518BD823B0088AB3E /* DataTokensDemoViewController.m */,
				4CE06A1718BD82660088AB3E /* CombinedTokensDemoViewController.h */,
				4CE06A1818BD82660088AB3E /* CombinedTokensDemoViewController.m */,
			);
			name = Controllers;
			sourceTree = "<group>";
		};
		4C7A871418BD355600C2375D /* Table Cells */ = {
			isa = PBXGroup;
			children = (
				4CCBA12B18B9B69A00CFCB3A /* TMLTableViewCell.h */,
				4CCBA12C18B9B69A00CFCB3A /* TMLTableViewCell.m */,
				4CE06A1118BD42D30088AB3E /* TMLSampleTableViewCell.h */,
				4CE06A1218BD42D30088AB3E /* TMLSampleTableViewCell.m */,
			);
			name = "Table Cells";
			sourceTree = "<group>";
		};
		4CCA00221924508300CE4D95 /* Assets */ = {
			isa = PBXGroup;
			children = (
				4CCA0023192450B100CE4D95 /* en-US.json */,
			);
			name = Assets;
			path = ../Assets;
			sourceTree = "<group>";
		};
		4CE06A1A18BD826F0088AB3E /* Base */ = {
			isa = PBXGroup;
			children = (
				4C7A870A18BD330000C2375D /* ApplicationViewController.h */,
				4C7A870B18BD330000C2375D /* ApplicationViewController.m */,
				4C7A870C18BD330000C2375D /* ApplicationTableViewController.h */,
				4C7A870D18BD330000C2375D /* ApplicationTableViewController.m */,
			);
			name = Base;
			sourceTree = "<group>";
		};
		4CE06A2118BD883A0088AB3E /* Models */ = {
			isa = PBXGroup;
			children = (
				4CE06A1E18BD882F0088AB3E /* User.h */,
				4CE06A1F18BD882F0088AB3E /* User.m */,
			);
			name = Models;
			sourceTree = "<group>";
		};
		4CFA53171928466D006E1B43 /* Configuration */ = {
			isa = PBXGroup;
			children = (
				4CFA530F19284666006E1B43 /* LICENSE */,
				4CFA531019284666006E1B43 /* Rakefile */,
				4CFA531119284666006E1B43 /* README.md */,
				4CFA531219284666006E1B43 /* Tml.podspec */,
			);
			name = Configuration;
			sourceTree = "<group>";
		};
		7C4AC61C41D6B1CA96458E32 /* Pods */ = {
			isa = PBXGroup;
			children = (
				A6A3AC3DD938835FB92F9194 /* Pods-Demo.debug.xcconfig */,
				84922E9709A1E82DE15D4D88 /* Pods-Demo.release.xcconfig */,
				BD38CEACE6D239B51CE90063 /* Pods-DemoTests.debug.xcconfig */,
				3EC5E4639492FBCE50FA374A /* Pods-DemoTests.release.xcconfig */,
			);
			name = Pods;
			sourceTree = "<group>";
		};
		C0F80C3B1BEA7E310048DF2D /* Application */ = {
			isa = PBXGroup;
			children = (
				C0F80C3C1BEA7E310048DF2D /* TMLApplicationTest.m */,
				C0F80C3D1BEA7E310048DF2D /* TMLConfigurationTest.m */,
			);
			path = Application;
			sourceTree = "<group>";
		};
		C0F80C3E1BEA7E310048DF2D /* Fixtures */ = {
			isa = PBXGroup;
			children = (
				C0F80C3F1BEA7E310048DF2D /* app.json */,
				C0F80C401BEA7E310048DF2D /* languages */,
			);
			path = Fixtures;
			sourceTree = "<group>";
		};
		C0F80C401BEA7E310048DF2D /* languages */ = {
			isa = PBXGroup;
			children = (
				C0F80C411BEA7E310048DF2D /* en-US */,
				C0F80C461BEA7E310048DF2D /* es */,
				C0F80C481BEA7E310048DF2D /* ru */,
			);
			path = languages;
			sourceTree = "<group>";
		};
		C0F80C411BEA7E310048DF2D /* en-US */ = {
			isa = PBXGroup;
			children = (
				C0F80C421BEA7E310048DF2D /* cs_en-US_plural.json */,
				C0F80C431BEA7E310048DF2D /* ctx_en-US_gender.json */,
				C0F80C441BEA7E310048DF2D /* ctx_en-US_number.json */,
				C0F80C451BEA7E310048DF2D /* en-US.json */,
			);
			path = "en-US";
			sourceTree = "<group>";
		};
		C0F80C461BEA7E310048DF2D /* es */ = {
			isa = PBXGroup;
			children = (
				C0F80C471BEA7E310048DF2D /* es.json */,
			);
			path = es;
			sourceTree = "<group>";
		};
		C0F80C481BEA7E310048DF2D /* ru */ = {
			isa = PBXGroup;
			children = (
				C0F80C491BEA7E310048DF2D /* cs_ru_gen.json */,
				C0F80C4A1BEA7E310048DF2D /* ctx_ru_gender.json */,
				C0F80C4B1BEA7E310048DF2D /* ctx_ru_number.json */,
				C0F80C4C1BEA7E310048DF2D /* ru.json */,
			);
			path = ru;
			sourceTree = "<group>";
		};
		C0F80C4D1BEA7E310048DF2D /* Language */ = {
			isa = PBXGroup;
			children = (
				C0F80C4E1BEA7E310048DF2D /* TMLLanguageCaseRuleTest.m */,
				C0F80C4F1BEA7E310048DF2D /* TMLLanguageCaseTest.m */,
				C0F80C501BEA7E310048DF2D /* TMLLanguageContextRuleTest.m */,
				C0F80C511BEA7E310048DF2D /* TMLLanguageContextTest.m */,
			);
			path = Language;
			sourceTree = "<group>";
		};
		C0F80C521BEA7E310048DF2D /* Models */ = {
			isa = PBXGroup;
			children = (
				C0F80C531BEA7E310048DF2D /* TMLTestUser.h */,
				C0F80C541BEA7E310048DF2D /* TMLTestUser.m */,
			);
			path = Models;
			sourceTree = "<group>";
		};
		C0F80C551BEA7E310048DF2D /* Rules Engine */ = {
			isa = PBXGroup;
			children = (
				C0F80C561BEA7E310048DF2D /* TMLRulesEvaluatorTest.m */,
				C0F80C571BEA7E310048DF2D /* TMLRulesParserTest.m */,
			);
			path = "Rules Engine";
			sourceTree = "<group>";
		};
		C0F80C5B1BEA7E310048DF2D /* Tokenizers */ = {
			isa = PBXGroup;
			children = (
				C0F80C5C1BEA7E310048DF2D /* TMLAttributedDecorationTokenizerTest.m */,
				C0F80C5D1BEA7E310048DF2D /* TMLDecorationTokenizerTest.m */,
				C0F80C5E1BEA7E310048DF2D /* TMLHtmlDecorationTokenizerTest.m */,
			);
			path = Tokenizers;
			sourceTree = "<group>";
		};
		C0F80C5F1BEA7E310048DF2D /* Tokens */ = {
			isa = PBXGroup;
			children = (
				C0F80C601BEA7E310048DF2D /* TMLDataTokenTest.m */,
				C0F80C611BEA7E310048DF2D /* TMLPipedTokenTest.m */,
			);
			path = Tokens;
			sourceTree = "<group>";
		};
		C0F80C621BEA7E310048DF2D /* Translations */ = {
			isa = PBXGroup;
			children = (
				C0F80C631BEA7E310048DF2D /* TMLTranslationKeyTest.m */,
			);
			path = Translations;
			sourceTree = "<group>";
		};
		C0F80C7F1BEA83DE0048DF2D /* Application */ = {
			isa = PBXGroup;
			children = (
				C0F80C801BEA83DE0048DF2D /* TMLAPIClient.h */,
				C0F80C811BEA83DE0048DF2D /* TMLAPIClient.m */,
				C0F80C821BEA83DE0048DF2D /* TMLApplication.h */,
				C0F80C831BEA83DE0048DF2D /* TMLApplication.m */,
				C0F80C841BEA83DE0048DF2D /* TMLCache.h */,
				C0F80C851BEA83DE0048DF2D /* TMLCache.m */,
				C0F80C861BEA83DE0048DF2D /* TMLConfiguration.h */,
				C0F80C871BEA83DE0048DF2D /* TMLConfiguration.m */,
				C0F80C881BEA83DE0048DF2D /* TMLPostOffice.h */,
				C0F80C891BEA83DE0048DF2D /* TMLPostOffice.m */,
				C0F80C8A1BEA83DE0048DF2D /* TMLSource.h */,
				C0F80C8B1BEA83DE0048DF2D /* TMLSource.m */,
				C41646A81BEBF979004B3FB3 /* TMLAPIResponse.h */,
				C41646A91BEBF979004B3FB3 /* TMLAPIResponse.m */,
				C41647AC1BEEDD6D004B3FB3 /* TMLBundleManager.h */,
				C41647AD1BEEDD6D004B3FB3 /* TMLBundleManager.m */,
				C41647AF1BEEDD77004B3FB3 /* TMLBundle.h */,
				C41647B01BEEDD77004B3FB3 /* TMLBundle.m */,
				C4A095D61C002FB900F2B106 /* TMLAPIBundle.h */,
				C4A095D71C002FB900F2B106 /* TMLAPIBundle.m */,
			);
			path = Application;
			sourceTree = "<group>";
		};
		C0F80C8C1BEA83DE0048DF2D /* Controllers */ = {
			isa = PBXGroup;
			children = (
				C0F80C8D1BEA83DE0048DF2D /* TMLLanguageSelectorViewController.h */,
				C0F80C8E1BEA83DE0048DF2D /* TMLLanguageSelectorViewController.m */,
				C0F80C8F1BEA83DE0048DF2D /* TMLTranslatorViewController.h */,
				C0F80C901BEA83DE0048DF2D /* TMLTranslatorViewController.m */,
				C0F80C911BEA83DE0048DF2D /* TMLViewController.h */,
				C0F80C921BEA83DE0048DF2D /* TMLViewController.m */,
			);
			path = Controllers;
			sourceTree = "<group>";
		};
		C0F80C931BEA83DE0048DF2D /* Extensions */ = {
			isa = PBXGroup;
			children = (
				C0F80C961BEA83DE0048DF2D /* NSString+TmlAdditions.h */,
				C0F80C971BEA83DE0048DF2D /* NSString+TmlAdditions.m */,
				C0F80C9C1BEA83DE0048DF2D /* UIViewController+TML.h */,
				C0F80C9D1BEA83DE0048DF2D /* UIViewController+TML.m */,
				C0F80C941BEA83DE0048DF2D /* NSObject+TML.h */,
				C0F80C951BEA83DE0048DF2D /* NSObject+TML.m */,
				C0F80C981BEA83DE0048DF2D /* UIButton+TML.h */,
				C0F80C991BEA83DE0048DF2D /* UIButton+TML.m */,
				C0F80C9A1BEA83DE0048DF2D /* UILabel+TML.h */,
				C0F80C9B1BEA83DE0048DF2D /* UILabel+TML.m */,
				C0F80D0C1BEA860F0048DF2D /* UIBarButtonItem+TML.h */,
				C0F80D0D1BEA860F0048DF2D /* UIBarButtonItem+TML.m */,
				C0F80D101BEA86260048DF2D /* UINavigationItem+TML.h */,
				C0F80D111BEA86260048DF2D /* UINavigationItem+TML.m */,
				C0F80D141BEA86370048DF2D /* UISearchBar+TML.h */,
				C0F80D151BEA86370048DF2D /* UISearchBar+TML.m */,
				C0F80D181BEA86480048DF2D /* UISegmentedControl+TML.h */,
				C0F80D191BEA86480048DF2D /* UISegmentedControl+TML.m */,
				C0F80D1C1BEA865F0048DF2D /* UITabBarItem+TML.h */,
				C0F80D1D1BEA865F0048DF2D /* UITabBarItem+TML.m */,
				C0F80D201BEA866D0048DF2D /* UITextField+TML.h */,
				C0F80D211BEA866D0048DF2D /* UITextField+TML.m */,
				C0F80D241BEA86800048DF2D /* UITextView+TML.h */,
				C0F80D251BEA86800048DF2D /* UITextView+TML.m */,
				C42C562F1BF2695700207911 /* NSObject+TMLJSON.h */,
				C42C56301BF2695700207911 /* NSObject+TMLJSON.m */,
			);
			path = Extensions;
			sourceTree = "<group>";
		};
		C0F80CA01BEA83DE0048DF2D /* Language */ = {
			isa = PBXGroup;
			children = (
				C0F80CA11BEA83DE0048DF2D /* TMLLanguage.h */,
				C0F80CA21BEA83DE0048DF2D /* TMLLanguage.m */,
				C0F80CA31BEA83DE0048DF2D /* TMLLanguageCase.h */,
				C0F80CA41BEA83DE0048DF2D /* TMLLanguageCase.m */,
				C0F80CA51BEA83DE0048DF2D /* TMLLanguageCaseRule.h */,
				C0F80CA61BEA83DE0048DF2D /* TMLLanguageCaseRule.m */,
				C0F80CA71BEA83DE0048DF2D /* TMLLanguageContext.h */,
				C0F80CA81BEA83DE0048DF2D /* TMLLanguageContext.m */,
				C0F80CA91BEA83DE0048DF2D /* TMLLanguageContextRule.h */,
				C0F80CAA1BEA83DE0048DF2D /* TMLLanguageContextRule.m */,
			);
			path = Language;
			sourceTree = "<group>";
		};
		C0F80CAB1BEA83DE0048DF2D /* Rules Engine */ = {
			isa = PBXGroup;
			children = (
				C0F80CAC1BEA83DE0048DF2D /* TMLRulesEvaluator.h */,
				C0F80CAD1BEA83DE0048DF2D /* TMLRulesEvaluator.m */,
				C0F80CAE1BEA83DE0048DF2D /* TMLRulesParser.h */,
				C0F80CAF1BEA83DE0048DF2D /* TMLRulesParser.m */,
			);
			path = "Rules Engine";
			sourceTree = "<group>";
		};
		C0F80CB51BEA83DE0048DF2D /* Tokenizers */ = {
			isa = PBXGroup;
			children = (
				C0F80CB81BEA83DE0048DF2D /* TMLDataTokenizer.h */,
				C0F80CB91BEA83DE0048DF2D /* TMLDataTokenizer.m */,
				C0F80CBA1BEA83DE0048DF2D /* TMLDecorationTokenizer.h */,
				C0F80CBB1BEA83DE0048DF2D /* TMLDecorationTokenizer.m */,
				C0F80CB61BEA83DE0048DF2D /* TMLAttributedDecorationTokenizer.h */,
				C0F80CB71BEA83DE0048DF2D /* TMLAttributedDecorationTokenizer.m */,
				C0F80CBC1BEA83DE0048DF2D /* TMLHtmlDecorationTokenizer.h */,
				C0F80CBD1BEA83DE0048DF2D /* TMLHtmlDecorationTokenizer.m */,
			);
			path = Tokenizers;
			sourceTree = "<group>";
		};
		C0F80CBE1BEA83DE0048DF2D /* Tokens */ = {
			isa = PBXGroup;
			children = (
				C0F80CBF1BEA83DE0048DF2D /* TMLDataToken.h */,
				C0F80CC01BEA83DE0048DF2D /* TMLDataToken.m */,
				C0F80CC11BEA83DE0048DF2D /* TMLMethodToken.h */,
				C0F80CC21BEA83DE0048DF2D /* TMLMethodToken.m */,
				C0F80CC31BEA83DE0048DF2D /* TMLPipedToken.h */,
				C0F80CC41BEA83DE0048DF2D /* TMLPipedToken.m */,
			);
			path = Tokens;
			sourceTree = "<group>";
		};
		C0F80CC51BEA83DE0048DF2D /* Translations */ = {
			isa = PBXGroup;
			children = (
				C0F80CC61BEA83DE0048DF2D /* TMLTranslation.h */,
				C0F80CC71BEA83DE0048DF2D /* TMLTranslation.m */,
				C0F80CC81BEA83DE0048DF2D /* TMLTranslationKey.h */,
				C0F80CC91BEA83DE0048DF2D /* TMLTranslationKey.m */,
			);
			path = Translations;
			sourceTree = "<group>";
		};
/* End PBXGroup section */

/* Begin PBXNativeTarget section */
		4C4233E418B9B38700B76555 /* Demo */ = {
			isa = PBXNativeTarget;
			buildConfigurationList = 4C42341718B9B38700B76555 /* Build configuration list for PBXNativeTarget "Demo" */;
			buildPhases = (
				5B7C45D1C7284228A9823E9B /* Check Pods Manifest.lock */,
				4C4233E118B9B38700B76555 /* Sources */,
				4C4233E218B9B38700B76555 /* Frameworks */,
				4C4233E318B9B38700B76555 /* Resources */,
				CA1F5B96806F43B1859E3F09 /* Copy Pods Resources */,
				055B85563A055BBB304638CF /* Embed Pods Frameworks */,
			);
			buildRules = (
			);
			dependencies = (
			);
			name = Demo;
			productName = Demo;
			productReference = 4C4233E518B9B38700B76555 /* Demo.app */;
			productType = "com.apple.product-type.application";
		};
		4C42340518B9B38700B76555 /* DemoTests */ = {
			isa = PBXNativeTarget;
			buildConfigurationList = 4C42341A18B9B38700B76555 /* Build configuration list for PBXNativeTarget "DemoTests" */;
			buildPhases = (
				112D716F13F74A27A2C86AD0 /* Check Pods Manifest.lock */,
				4C42340218B9B38700B76555 /* Sources */,
				4C42340318B9B38700B76555 /* Frameworks */,
				4C42340418B9B38700B76555 /* Resources */,
				8272984D5CAE4FAFBC5DEA62 /* Copy Pods Resources */,
				6877EDF513744C4A7CDE1226 /* Embed Pods Frameworks */,
			);
			buildRules = (
			);
			dependencies = (
				4C42340C18B9B38700B76555 /* PBXTargetDependency */,
			);
			name = DemoTests;
			productName = DemoTests;
			productReference = 4C42340618B9B38700B76555 /* DemoTests.xctest */;
			productType = "com.apple.product-type.bundle.unit-test";
		};
/* End PBXNativeTarget section */

/* Begin PBXProject section */
		4C4233DD18B9B38600B76555 /* Project object */ = {
			isa = PBXProject;
			attributes = {
				LastUpgradeCheck = 0710;
				ORGANIZATIONNAME = "TmlHub Inc";
				TargetAttributes = {
					4C4233E418B9B38700B76555 = {
						DevelopmentTeam = SHZ47SPEXT;
					};
					4C42340518B9B38700B76555 = {
						TestTargetID = 4C4233E418B9B38700B76555;
					};
				};
			};
			buildConfigurationList = 4C4233E018B9B38600B76555 /* Build configuration list for PBXProject "Demo" */;
			compatibilityVersion = "Xcode 3.2";
			developmentRegion = English;
			hasScannedForEncodings = 0;
			knownRegions = (
				en,
				Base,
			);
			mainGroup = 4C4233DC18B9B38600B76555;
			productRefGroup = 4C4233E618B9B38700B76555 /* Products */;
			projectDirPath = "";
			projectRoot = "";
			targets = (
				4C4233E418B9B38700B76555 /* Demo */,
				4C42340518B9B38700B76555 /* DemoTests */,
			);
		};
/* End PBXProject section */

/* Begin PBXResourcesBuildPhase section */
		4C4233E318B9B38700B76555 /* Resources */ = {
			isa = PBXResourcesBuildPhase;
			buildActionMask = 2147483647;
			files = (
				4C42340118B9B38700B76555 /* Images.xcassets in Resources */,
				4CCA0024192450B100CE4D95 /* en-US.json in Resources */,
				4CFA531319284666006E1B43 /* LICENSE in Resources */,
				4CC2EAE418BA7AEB00F359F8 /* Icon-60@2x.png in Resources */,
				4CFA531619284666006E1B43 /* Tml.podspec in Resources */,
				4CC2EAE218BA7AD900F359F8 /* Icon-40@2x.png in Resources */,
				4CCA001E1922D12E00CE4D95 /* arrow_down.png in Resources */,
				4CC2EAE618BA7B0800F359F8 /* Icon-Small@2x.png in Resources */,
				4C4233F318B9B38700B76555 /* InfoPlist.strings in Resources */,
				4C7A863418BD1C0800C2375D /* Podfile in Resources */,
				4C7A871118BD353C00C2375D /* more.png in Resources */,
				4C26E3F61A7B41B500D72574 /* logo.png in Resources */,
				4CFA531519284666006E1B43 /* README.md in Resources */,
				4C4233FC18B9B38700B76555 /* Main.storyboard in Resources */,
				4CFA531419284666006E1B43 /* Rakefile in Resources */,
			);
			runOnlyForDeploymentPostprocessing = 0;
		};
		4C42340418B9B38700B76555 /* Resources */ = {
			isa = PBXResourcesBuildPhase;
			buildActionMask = 2147483647;
			files = (
				C0F80C691BEA7E310048DF2D /* ctx_en-US_number.json in Resources */,
				C0F80C6F1BEA7E310048DF2D /* ru.json in Resources */,
				4C42341218B9B38700B76555 /* InfoPlist.strings in Resources */,
				C0F80C6A1BEA7E310048DF2D /* en-US.json in Resources */,
				C0F80C6B1BEA7E310048DF2D /* es.json in Resources */,
				C0F80C661BEA7E310048DF2D /* app.json in Resources */,
				C0F80C6C1BEA7E310048DF2D /* cs_ru_gen.json in Resources */,
				C0F80C6D1BEA7E310048DF2D /* ctx_ru_gender.json in Resources */,
				C0F80C6E1BEA7E310048DF2D /* ctx_ru_number.json in Resources */,
				4CCBA12218B9B5E900CFCB3A /* TmlTests-Info.plist in Resources */,
				C0F80C671BEA7E310048DF2D /* cs_en-US_plural.json in Resources */,
				C0F80C681BEA7E310048DF2D /* ctx_en-US_gender.json in Resources */,
			);
			runOnlyForDeploymentPostprocessing = 0;
		};
/* End PBXResourcesBuildPhase section */

/* Begin PBXShellScriptBuildPhase section */
		055B85563A055BBB304638CF /* Embed Pods Frameworks */ = {
			isa = PBXShellScriptBuildPhase;
			buildActionMask = 2147483647;
			files = (
			);
			inputPaths = (
			);
			name = "Embed Pods Frameworks";
			outputPaths = (
			);
			runOnlyForDeploymentPostprocessing = 0;
			shellPath = /bin/sh;
			shellScript = "\"${SRCROOT}/Pods/Target Support Files/Pods-Demo/Pods-Demo-frameworks.sh\"\n";
			showEnvVarsInLog = 0;
		};
		112D716F13F74A27A2C86AD0 /* Check Pods Manifest.lock */ = {
			isa = PBXShellScriptBuildPhase;
			buildActionMask = 2147483647;
			files = (
			);
			inputPaths = (
			);
			name = "Check Pods Manifest.lock";
			outputPaths = (
			);
			runOnlyForDeploymentPostprocessing = 0;
			shellPath = /bin/sh;
			shellScript = "diff \"${PODS_ROOT}/../Podfile.lock\" \"${PODS_ROOT}/Manifest.lock\" > /dev/null\nif [[ $? != 0 ]] ; then\n    cat << EOM\nerror: The sandbox is not in sync with the Podfile.lock. Run 'pod install' or update your CocoaPods installation.\nEOM\n    exit 1\nfi\n";
			showEnvVarsInLog = 0;
		};
		5B7C45D1C7284228A9823E9B /* Check Pods Manifest.lock */ = {
			isa = PBXShellScriptBuildPhase;
			buildActionMask = 2147483647;
			files = (
			);
			inputPaths = (
			);
			name = "Check Pods Manifest.lock";
			outputPaths = (
			);
			runOnlyForDeploymentPostprocessing = 0;
			shellPath = /bin/sh;
			shellScript = "diff \"${PODS_ROOT}/../Podfile.lock\" \"${PODS_ROOT}/Manifest.lock\" > /dev/null\nif [[ $? != 0 ]] ; then\n    cat << EOM\nerror: The sandbox is not in sync with the Podfile.lock. Run 'pod install' or update your CocoaPods installation.\nEOM\n    exit 1\nfi\n";
			showEnvVarsInLog = 0;
		};
		6877EDF513744C4A7CDE1226 /* Embed Pods Frameworks */ = {
			isa = PBXShellScriptBuildPhase;
			buildActionMask = 2147483647;
			files = (
			);
			inputPaths = (
			);
			name = "Embed Pods Frameworks";
			outputPaths = (
			);
			runOnlyForDeploymentPostprocessing = 0;
			shellPath = /bin/sh;
			shellScript = "\"${SRCROOT}/Pods/Target Support Files/Pods-DemoTests/Pods-DemoTests-frameworks.sh\"\n";
			showEnvVarsInLog = 0;
		};
		8272984D5CAE4FAFBC5DEA62 /* Copy Pods Resources */ = {
			isa = PBXShellScriptBuildPhase;
			buildActionMask = 2147483647;
			files = (
			);
			inputPaths = (
			);
			name = "Copy Pods Resources";
			outputPaths = (
			);
			runOnlyForDeploymentPostprocessing = 0;
			shellPath = /bin/sh;
			shellScript = "\"${SRCROOT}/Pods/Target Support Files/Pods-DemoTests/Pods-DemoTests-resources.sh\"\n";
			showEnvVarsInLog = 0;
		};
		CA1F5B96806F43B1859E3F09 /* Copy Pods Resources */ = {
			isa = PBXShellScriptBuildPhase;
			buildActionMask = 2147483647;
			files = (
			);
			inputPaths = (
			);
			name = "Copy Pods Resources";
			outputPaths = (
			);
			runOnlyForDeploymentPostprocessing = 0;
			shellPath = /bin/sh;
			shellScript = "\"${SRCROOT}/Pods/Target Support Files/Pods-Demo/Pods-Demo-resources.sh\"\n";
			showEnvVarsInLog = 0;
		};
/* End PBXShellScriptBuildPhase section */

/* Begin PBXSourcesBuildPhase section */
		4C4233E118B9B38700B76555 /* Sources */ = {
			isa = PBXSourcesBuildPhase;
			buildActionMask = 2147483647;
			files = (
				C41647AE1BEEDD6D004B3FB3 /* TMLBundleManager.m in Sources */,
				C0F80D221BEA866D0048DF2D /* UITextField+TML.m in Sources */,
				C0F80CDA1BEA83DE0048DF2D /* TMLViewController.m in Sources */,
				4C4233F918B9B38700B76555 /* AppDelegate.m in Sources */,
				C0F80CD41BEA83DE0048DF2D /* TMLSource.m in Sources */,
				C0F80CE41BEA83DE0048DF2D /* UIViewController+TML.m in Sources */,
				4CE06A1D18BD85830088AB3E /* TokensDemoViewController.m in Sources */,
				C0F80CEA1BEA83DE0048DF2D /* TMLLanguageCase.m in Sources */,
				C0F80CE21BEA83DE0048DF2D /* UILabel+TML.m in Sources */,
				C0F80CCE1BEA83DE0048DF2D /* TMLCache.m in Sources */,
				C4A095D81C002FB900F2B106 /* TMLAPIBundle.m in Sources */,
				C0F80CDE1BEA83DE0048DF2D /* NSString+TmlAdditions.m in Sources */,
				C41646AA1BEBF979004B3FB3 /* TMLAPIResponse.m in Sources */,
				C0F80D121BEA86260048DF2D /* UINavigationItem+TML.m in Sources */,
				C0F80CD21BEA83DE0048DF2D /* TMLPostOffice.m in Sources */,
				C0F80CFE1BEA83DE0048DF2D /* TMLDecorationTokenizer.m in Sources */,
				C42C562B1BF2674D00207911 /* TMLJSONValueTransformer.m in Sources */,
				4CE06A2018BD882F0088AB3E /* User.m in Sources */,
				C0F80CD01BEA83DE0048DF2D /* TMLConfiguration.m in Sources */,
				C0F80CE01BEA83DE0048DF2D /* UIButton+TML.m in Sources */,
				4CCBA12F18B9B69A00CFCB3A /* MenuViewController.m in Sources */,
				4CE06A1618BD823B0088AB3E /* DataTokensDemoViewController.m in Sources */,
				4C36258419EF4E5700356B51 /* StaticTableViewController.m in Sources */,
				C0F80D021BEA83DE0048DF2D /* TMLDataToken.m in Sources */,
				4CE06A0818BD3D2E0088AB3E /* DecorationTokensDemoViewController.m in Sources */,
				C0F80CD81BEA83DE0048DF2D /* TMLTranslatorViewController.m in Sources */,
				C0F80CF61BEA83DE0048DF2D /* TML.m in Sources */,
				C41647B11BEEDD77004B3FB3 /* TMLBundle.m in Sources */,
				4CCBA13218B9B69A00CFCB3A /* TMLTableViewCell.m in Sources */,
				4C36258719EF590400356B51 /* StaticViewController.m in Sources */,
				C0F80D081BEA83DE0048DF2D /* TMLTranslation.m in Sources */,
				4C7A870E18BD330000C2375D /* ApplicationViewController.m in Sources */,
				C0F80D041BEA83DE0048DF2D /* TMLMethodToken.m in Sources */,
				C0F80CF01BEA83DE0048DF2D /* TMLLanguageContextRule.m in Sources */,
				4CE06A1918BD82660088AB3E /* CombinedTokensDemoViewController.m in Sources */,
				C0F80CD61BEA83DE0048DF2D /* TMLLanguageSelectorViewController.m in Sources */,
				4CE06A0518BD37A40088AB3E /* WelcomeViewController.m in Sources */,
				C42C56391BF42D1A00207911 /* TMLAPISerializer.m in Sources */,
				C0F80CEE1BEA83DE0048DF2D /* TMLLanguageContext.m in Sources */,
				C0F80D261BEA86800048DF2D /* UITextView+TML.m in Sources */,
				C0F80D001BEA83DE0048DF2D /* TMLHtmlDecorationTokenizer.m in Sources */,
				C41647AB1BEE97D2004B3FB3 /* TMLGlobals.m in Sources */,
				C0F80D061BEA83DE0048DF2D /* TMLPipedToken.m in Sources */,
				C0F80D1A1BEA86480048DF2D /* UISegmentedControl+TML.m in Sources */,
				4CCBA13118B9B69A00CFCB3A /* TMLConsoleViewController.m in Sources */,
				C0F80CF81BEA83DE0048DF2D /* TMLBase.m in Sources */,
				C0F80CDC1BEA83DE0048DF2D /* NSObject+TML.m in Sources */,
				C0F80D161BEA86370048DF2D /* UISearchBar+TML.m in Sources */,
				C0F80CE81BEA83DE0048DF2D /* TMLLanguage.m in Sources */,
				C0F80CFA1BEA83DE0048DF2D /* TMLAttributedDecorationTokenizer.m in Sources */,
				C0F80CEC1BEA83DE0048DF2D /* TMLLanguageCaseRule.m in Sources */,
				4C7A870F18BD330000C2375D /* ApplicationTableViewController.m in Sources */,
				C0F80D0E1BEA860F0048DF2D /* UIBarButtonItem+TML.m in Sources */,
				C0F80D1E1BEA865F0048DF2D /* UITabBarItem+TML.m in Sources */,
				4C4233F518B9B38700B76555 /* main.m in Sources */,
				C0F80CF21BEA83DE0048DF2D /* TMLRulesEvaluator.m in Sources */,
				C0F80CCA1BEA83DE0048DF2D /* TMLAPIClient.m in Sources */,
				C0F80CFC1BEA83DE0048DF2D /* TMLDataTokenizer.m in Sources */,
				C0F80D0A1BEA83DE0048DF2D /* TMLTranslationKey.m in Sources */,
				C0F80CCC1BEA83DE0048DF2D /* TMLApplication.m in Sources */,
				4CE06A1318BD42D30088AB3E /* TMLSampleTableViewCell.m in Sources */,
				C0F80CF41BEA83DE0048DF2D /* TMLRulesParser.m in Sources */,
				4CCBA13318B9B69A00CFCB3A /* TranslationViewController.m in Sources */,
				C42C56311BF2695700207911 /* NSObject+TMLJSON.m in Sources */,
			);
			runOnlyForDeploymentPostprocessing = 0;
		};
		4C42340218B9B38700B76555 /* Sources */ = {
			isa = PBXSourcesBuildPhase;
			buildActionMask = 2147483647;
			files = (
				C0F80C771BEA7E310048DF2D /* TMLTest.m in Sources */,
				C0F80C781BEA7E310048DF2D /* TMLTestBase.m in Sources */,
				C0F80C701BEA7E310048DF2D /* TMLLanguageCaseRuleTest.m in Sources */,
				C0F80C7C1BEA7E310048DF2D /* TMLDataTokenTest.m in Sources */,
				C0F80C731BEA7E310048DF2D /* TMLLanguageContextTest.m in Sources */,
				C0F80C721BEA7E310048DF2D /* TMLLanguageContextRuleTest.m in Sources */,
				C0F80C7D1BEA7E310048DF2D /* TMLPipedTokenTest.m in Sources */,
				C0F80C751BEA7E310048DF2D /* TMLRulesEvaluatorTest.m in Sources */,
				C0F80C7B1BEA7E310048DF2D /* TMLHtmlDecorationTokenizerTest.m in Sources */,
				C0F80C711BEA7E310048DF2D /* TMLLanguageCaseTest.m in Sources */,
				C0F80C791BEA7E310048DF2D /* TMLAttributedDecorationTokenizerTest.m in Sources */,
				C0F80C741BEA7E310048DF2D /* TMLTestUser.m in Sources */,
				C0F80C651BEA7E310048DF2D /* TMLConfigurationTest.m in Sources */,
				C0F80C7E1BEA7E310048DF2D /* TMLTranslationKeyTest.m in Sources */,
				C0F80C761BEA7E310048DF2D /* TMLRulesParserTest.m in Sources */,
				C0F80C641BEA7E310048DF2D /* TMLApplicationTest.m in Sources */,
				C44281921BF5659200E68194 /* TMLAPISerializationTest.m in Sources */,
				C0F80C7A1BEA7E310048DF2D /* TMLDecorationTokenizerTest.m in Sources */,
			);
			runOnlyForDeploymentPostprocessing = 0;
		};
/* End PBXSourcesBuildPhase section */

/* Begin PBXTargetDependency section */
		4C42340C18B9B38700B76555 /* PBXTargetDependency */ = {
			isa = PBXTargetDependency;
			target = 4C4233E418B9B38700B76555 /* Demo */;
			targetProxy = 4C42340B18B9B38700B76555 /* PBXContainerItemProxy */;
		};
/* End PBXTargetDependency section */

/* Begin PBXVariantGroup section */
		4C4233F118B9B38700B76555 /* InfoPlist.strings */ = {
			isa = PBXVariantGroup;
			children = (
				4C4233F218B9B38700B76555 /* en */,
			);
			name = InfoPlist.strings;
			sourceTree = "<group>";
		};
		4C4233FA18B9B38700B76555 /* Main.storyboard */ = {
			isa = PBXVariantGroup;
			children = (
				4C4233FB18B9B38700B76555 /* Base */,
			);
			name = Main.storyboard;
			sourceTree = "<group>";
		};
		4C42341018B9B38700B76555 /* InfoPlist.strings */ = {
			isa = PBXVariantGroup;
			children = (
				4C42341118B9B38700B76555 /* en */,
			);
			name = InfoPlist.strings;
			sourceTree = "<group>";
		};
/* End PBXVariantGroup section */

/* Begin XCBuildConfiguration section */
		4C42341518B9B38700B76555 /* Debug */ = {
			isa = XCBuildConfiguration;
			buildSettings = {
				ALWAYS_SEARCH_USER_PATHS = NO;
				CLANG_CXX_LANGUAGE_STANDARD = "gnu++0x";
				CLANG_CXX_LIBRARY = "libc++";
				CLANG_ENABLE_MODULES = YES;
				CLANG_ENABLE_OBJC_ARC = YES;
				CLANG_WARN_BOOL_CONVERSION = YES;
				CLANG_WARN_CONSTANT_CONVERSION = YES;
				CLANG_WARN_DIRECT_OBJC_ISA_USAGE = YES_ERROR;
				CLANG_WARN_EMPTY_BODY = YES;
				CLANG_WARN_ENUM_CONVERSION = YES;
				CLANG_WARN_INT_CONVERSION = YES;
				CLANG_WARN_OBJC_ROOT_CLASS = YES_ERROR;
				CLANG_WARN__DUPLICATE_METHOD_MATCH = YES;
				"CODE_SIGN_IDENTITY[sdk=iphoneos*]" = "iPhone Developer";
				COPY_PHASE_STRIP = NO;
				ENABLE_TESTABILITY = YES;
				GCC_C_LANGUAGE_STANDARD = gnu99;
				GCC_DYNAMIC_NO_PIC = NO;
				GCC_OPTIMIZATION_LEVEL = 0;
				GCC_PREPROCESSOR_DEFINITIONS = (
					"DEBUG=1",
					"$(inherited)",
				);
				GCC_SYMBOLS_PRIVATE_EXTERN = NO;
				GCC_WARN_64_TO_32_BIT_CONVERSION = YES;
				GCC_WARN_ABOUT_RETURN_TYPE = YES_ERROR;
				GCC_WARN_UNDECLARED_SELECTOR = YES;
				GCC_WARN_UNINITIALIZED_AUTOS = YES;
				GCC_WARN_UNUSED_FUNCTION = YES;
				GCC_WARN_UNUSED_VARIABLE = YES;
				IPHONEOS_DEPLOYMENT_TARGET = 6.0;
				ONLY_ACTIVE_ARCH = YES;
				PROVISIONING_PROFILE = "26c92308-096b-4eac-bfab-9c9d51c9f2c5";
				SDKROOT = iphoneos;
			};
			name = Debug;
		};
		4C42341618B9B38700B76555 /* Release */ = {
			isa = XCBuildConfiguration;
			buildSettings = {
				ALWAYS_SEARCH_USER_PATHS = NO;
				CLANG_CXX_LANGUAGE_STANDARD = "gnu++0x";
				CLANG_CXX_LIBRARY = "libc++";
				CLANG_ENABLE_MODULES = YES;
				CLANG_ENABLE_OBJC_ARC = YES;
				CLANG_WARN_BOOL_CONVERSION = YES;
				CLANG_WARN_CONSTANT_CONVERSION = YES;
				CLANG_WARN_DIRECT_OBJC_ISA_USAGE = YES_ERROR;
				CLANG_WARN_EMPTY_BODY = YES;
				CLANG_WARN_ENUM_CONVERSION = YES;
				CLANG_WARN_INT_CONVERSION = YES;
				CLANG_WARN_OBJC_ROOT_CLASS = YES_ERROR;
				CLANG_WARN__DUPLICATE_METHOD_MATCH = YES;
				"CODE_SIGN_IDENTITY[sdk=iphoneos*]" = "iPhone Distribution: MobTouch Inc (SHZ47SPEXT)";
				COPY_PHASE_STRIP = YES;
				ENABLE_NS_ASSERTIONS = NO;
				GCC_C_LANGUAGE_STANDARD = gnu99;
				GCC_WARN_64_TO_32_BIT_CONVERSION = YES;
				GCC_WARN_ABOUT_RETURN_TYPE = YES_ERROR;
				GCC_WARN_UNDECLARED_SELECTOR = YES;
				GCC_WARN_UNINITIALIZED_AUTOS = YES;
				GCC_WARN_UNUSED_FUNCTION = YES;
				GCC_WARN_UNUSED_VARIABLE = YES;
				IPHONEOS_DEPLOYMENT_TARGET = 6.0;
				PROVISIONING_PROFILE = "e65daa92-821a-4663-a570-11ca32af0bb2";
				SDKROOT = iphoneos;
				VALIDATE_PRODUCT = YES;
			};
			name = Release;
		};
		4C42341818B9B38700B76555 /* Debug */ = {
			isa = XCBuildConfiguration;
			baseConfigurationReference = A6A3AC3DD938835FB92F9194 /* Pods-Demo.debug.xcconfig */;
			buildSettings = {
				ASSETCATALOG_COMPILER_APPICON_NAME = AppIcon;
				ASSETCATALOG_COMPILER_LAUNCHIMAGE_NAME = LaunchImage;
				CODE_SIGN_IDENTITY = "iPhone Developer";
				"CODE_SIGN_IDENTITY[sdk=iphoneos*]" = "iPhone Developer";
				GCC_PRECOMPILE_PREFIX_HEADER = YES;
				GCC_PREFIX_HEADER = "Demo/Demo-Prefix.pch";
				GCC_PREPROCESSOR_DEFINITIONS = (
					"$(inherited)",
					"COCOAPODS=1",
					"TML_DEBUG=3",
				);
				INFOPLIST_FILE = "Demo/Demo-Info.plist";
				IPHONEOS_DEPLOYMENT_TARGET = 7.0;
				PRODUCT_BUNDLE_IDENTIFIER = "com.translationexchange.$(PRODUCT_NAME:rfc1034identifier)";
				PRODUCT_NAME = "$(TARGET_NAME)";
				PROVISIONING_PROFILE = "";
				WRAPPER_EXTENSION = app;
			};
			name = Debug;
		};
		4C42341918B9B38700B76555 /* Release */ = {
			isa = XCBuildConfiguration;
			baseConfigurationReference = 84922E9709A1E82DE15D4D88 /* Pods-Demo.release.xcconfig */;
			buildSettings = {
				ASSETCATALOG_COMPILER_APPICON_NAME = AppIcon;
				ASSETCATALOG_COMPILER_LAUNCHIMAGE_NAME = LaunchImage;
				CODE_SIGN_IDENTITY = "iPhone Developer";
				"CODE_SIGN_IDENTITY[sdk=iphoneos*]" = "iPhone Developer";
				GCC_PRECOMPILE_PREFIX_HEADER = YES;
				GCC_PREFIX_HEADER = "Demo/Demo-Prefix.pch";
				INFOPLIST_FILE = "Demo/Demo-Info.plist";
				IPHONEOS_DEPLOYMENT_TARGET = 7.0;
				PRODUCT_BUNDLE_IDENTIFIER = "com.translationexchange.$(PRODUCT_NAME:rfc1034identifier)";
				PRODUCT_NAME = "$(TARGET_NAME)";
				PROVISIONING_PROFILE = "";
				WRAPPER_EXTENSION = app;
			};
			name = Release;
		};
		4C42341B18B9B38700B76555 /* Debug */ = {
			isa = XCBuildConfiguration;
			baseConfigurationReference = BD38CEACE6D239B51CE90063 /* Pods-DemoTests.debug.xcconfig */;
			buildSettings = {
				BUNDLE_LOADER = "$(BUILT_PRODUCTS_DIR)/Demo.app/Demo";
				FRAMEWORK_SEARCH_PATHS = (
					"$(SDKROOT)/Developer/Library/Frameworks",
					"$(inherited)",
					"$(DEVELOPER_FRAMEWORKS_DIR)",
				);
				GCC_PRECOMPILE_PREFIX_HEADER = YES;
				GCC_PREFIX_HEADER = "Demo/Demo-Prefix.pch";
				GCC_PREPROCESSOR_DEFINITIONS = (
					"DEBUG=1",
					"$(inherited)",
				);
				INFOPLIST_FILE = "DemoTests/DemoTests-Info.plist";
				PRODUCT_BUNDLE_IDENTIFIER = "com.translationexchange.${PRODUCT_NAME:rfc1034identifier}";
				PRODUCT_NAME = "$(TARGET_NAME)";
				TEST_HOST = "$(BUNDLE_LOADER)";
				WRAPPER_EXTENSION = xctest;
			};
			name = Debug;
		};
		4C42341C18B9B38700B76555 /* Release */ = {
			isa = XCBuildConfiguration;
			baseConfigurationReference = 3EC5E4639492FBCE50FA374A /* Pods-DemoTests.release.xcconfig */;
			buildSettings = {
				BUNDLE_LOADER = "$(BUILT_PRODUCTS_DIR)/Demo.app/Demo";
				FRAMEWORK_SEARCH_PATHS = (
					"$(SDKROOT)/Developer/Library/Frameworks",
					"$(inherited)",
					"$(DEVELOPER_FRAMEWORKS_DIR)",
				);
				GCC_PRECOMPILE_PREFIX_HEADER = YES;
				GCC_PREFIX_HEADER = "Demo/Demo-Prefix.pch";
				INFOPLIST_FILE = "DemoTests/DemoTests-Info.plist";
				PRODUCT_BUNDLE_IDENTIFIER = "com.translationexchange.${PRODUCT_NAME:rfc1034identifier}";
				PRODUCT_NAME = "$(TARGET_NAME)";
				TEST_HOST = "$(BUNDLE_LOADER)";
				WRAPPER_EXTENSION = xctest;
			};
			name = Release;
		};
/* End XCBuildConfiguration section */

/* Begin XCConfigurationList section */
		4C4233E018B9B38600B76555 /* Build configuration list for PBXProject "Demo" */ = {
			isa = XCConfigurationList;
			buildConfigurations = (
				4C42341518B9B38700B76555 /* Debug */,
				4C42341618B9B38700B76555 /* Release */,
			);
			defaultConfigurationIsVisible = 0;
			defaultConfigurationName = Release;
		};
		4C42341718B9B38700B76555 /* Build configuration list for PBXNativeTarget "Demo" */ = {
			isa = XCConfigurationList;
			buildConfigurations = (
				4C42341818B9B38700B76555 /* Debug */,
				4C42341918B9B38700B76555 /* Release */,
			);
			defaultConfigurationIsVisible = 0;
			defaultConfigurationName = Release;
		};
		4C42341A18B9B38700B76555 /* Build configuration list for PBXNativeTarget "DemoTests" */ = {
			isa = XCConfigurationList;
			buildConfigurations = (
				4C42341B18B9B38700B76555 /* Debug */,
				4C42341C18B9B38700B76555 /* Release */,
			);
			defaultConfigurationIsVisible = 0;
			defaultConfigurationName = Release;
		};
/* End XCConfigurationList section */
	};
	rootObject = 4C4233DD18B9B38600B76555 /* Project object */;
}
